
Microsoft Visual Studio Solution File, Format Version 12.00
# Visual Studio 14
VisualStudioVersion = 14.0.25123.0
MinimumVisualStudioVersion = 10.0.40219.1
Project("{FAE04EC0-301F-11D3-BF4B-00C04F79EFBC}") = "HomeAutomation", "HomeAutomation\HomeAutomation.csproj", "{DF03F997-B0CA-41E0-8E50-16D0C2E1CC8B}"
EndProject
Project("{2150E333-8FDC-42A3-9474-1A3956D46DE8}") = "Platforms", "Platforms", "{9805FA58-37AD-4AF4-B66C-697322AB3C07}"
EndProject
Project("{2150E333-8FDC-42A3-9474-1A3956D46DE8}") = "Core", "Core", "{2EFC0862-8103-434B-B291-ABA28199BB07}"
EndProject
Project("{2150E333-8FDC-42A3-9474-1A3956D46DE8}") = "Tests", "Tests", "{7E4DB7ED-FE88-4AE6-A4AD-BBC383C64E21}"
EndProject
Project("{2150E333-8FDC-42A3-9474-1A3956D46DE8}") = "Views", "Views", "{EC97FE3A-A4D1-4FA6-8956-4E6D7C815A9B}"
EndProject
Project("{2150E333-8FDC-42A3-9474-1A3956D46DE8}") = "ViewComponents", "ViewComponents", "{D5EF2763-86CA-4621-9097-42C2C0114E8A}"
EndProject
Project("{FAE04EC0-301F-11D3-BF4B-00C04F79EFBC}") = "Core", "Core\Core.csproj", "{67F9D3A8-F71E-4428-913F-C37AE82CDB24}"
EndProject
Project("{2150E333-8FDC-42A3-9474-1A3956D46DE8}") = "Devices", "Devices", "{F13C0978-1A46-4BA1-B606-6189D9D8FF97}"
EndProject
Project("{2150E333-8FDC-42A3-9474-1A3956D46DE8}") = "Calculator", "Calculator", "{E1F07161-ED48-4AC9-82B2-0063BD1D97B7}"
EndProject
Project("{FAE04EC0-301F-11D3-BF4B-00C04F79EFBC}") = "HomeAutomation.Droid", "HomeAutomation.Droid\HomeAutomation.Droid.csproj", "{691C3903-3A28-42D5-91CD-6862E8DEFB7F}"
EndProject
Project("{FAE04EC0-301F-11D3-BF4B-00C04F79EFBC}") = "HomeAutomation.iOS", "HomeAutomation.iOS\HomeAutomation.iOS.csproj", "{560DDDE8-902B-4345-A129-377EB02EF57F}"
EndProject
Project("{FAE04EC0-301F-11D3-BF4B-00C04F79EFBC}") = "HomeAutomation.WinPhone", "HomeAutomation.WinPhone\HomeAutomation.WinPhone.csproj", "{598E3125-2EAC-4032-BE1D-EA9C009696A8}"
EndProject
Project("{FAE04EC0-301F-11D3-BF4B-00C04F79EFBC}") = "HomeAutomation.UWP", "HomeAutomation.UWP\HomeAutomation.UWP.csproj", "{6480CD24-D581-418F-AF67-FDB162454557}"
EndProject
Project("{FAE04EC0-301F-11D3-BF4B-00C04F79EFBC}") = "HomeAutomation.Windows", "HomeAutomation.Windows\HomeAutomation.Windows.csproj", "{947EFE3F-A031-416F-B150-13956E11A3CC}"
EndProject
Project("{FAE04EC0-301F-11D3-BF4B-00C04F79EFBC}") = "ExtendedOperations", "ExtendedOperations\ExtendedOperations.csproj", "{3BEBF3C3-4F13-4718-BA9D-197B724FBAAF}"
EndProject
Project("{FAE04EC0-301F-11D3-BF4B-00C04F79EFBC}") = "Operations", "Operations\Operations.csproj", "{221DC281-F585-4C50-A2FE-749EC004508A}"
EndProject
Project("{FAE04EC0-301F-11D3-BF4B-00C04F79EFBC}") = "MySimpleCalculator", "MySimpleCalculator\MySimpleCalculator.csproj", "{272F8E2F-D94A-4607-8156-A6BD105869A9}"
EndProject
Project("{FAE04EC0-301F-11D3-BF4B-00C04F79EFBC}") = "BasicAuth", "BasicAuth\BasicAuth.csproj", "{DFAAE399-01D5-455A-B85C-16B6F30419A4}"
EndProject
Project("{FAE04EC0-301F-11D3-BF4B-00C04F79EFBC}") = "FirstDevice", "FirstDevice\FirstDevice.csproj", "{73FFCD9E-4E52-41DE-93D4-76979E728C2C}"
EndProject
Project("{FAE04EC0-301F-11D3-BF4B-00C04F79EFBC}") = "FourthDevice", "FourthDevice\FourthDevice.csproj", "{2BA64741-50FF-414C-B8FA-496EEBB77228}"
EndProject
Project("{FAE04EC0-301F-11D3-BF4B-00C04F79EFBC}") = "FifthDeviceXamlLayout", "FifthDeviceXamlLayout\FifthDeviceXamlLayout.csproj", "{EFA65FDF-ACB4-4F54-9903-598CE7362275}"
EndProject
Project("{FAE04EC0-301F-11D3-BF4B-00C04F79EFBC}") = "SecondDevice", "SecondDevice\SecondDevice.csproj", "{62999427-44F5-443E-AE91-91C341ACF226}"
EndProject
Project("{FAE04EC0-301F-11D3-BF4B-00C04F79EFBC}") = "ThirdDeviceXaml", "ThirdDeviceXaml\ThirdDeviceXaml.csproj", "{ED4297DF-B5FB-4C31-9012-6B91B26B8CF5}"
EndProject
Project("{FAE04EC0-301F-11D3-BF4B-00C04F79EFBC}") = "DeviceList", "DeviceList\DeviceList.csproj", "{6F7E6C5A-B19F-436B-925C-CEF0B5620772}"
EndProject
Project("{FAE04EC0-301F-11D3-BF4B-00C04F79EFBC}") = "DevicePage", "DevicePage\DevicePage.csproj", "{3CB9FC8E-4E67-4247-83B7-42091D6E2A98}"
EndProject
Project("{FAE04EC0-301F-11D3-BF4B-00C04F79EFBC}") = "MyCustomPage", "MyCustomPage\MyCustomPage.csproj", "{50C91587-782C-4869-B549-0CF2E64A9889}"
EndProject
Project("{FAE04EC0-301F-11D3-BF4B-00C04F79EFBC}") = "NewPageOldViewModel", "NewPageOldViewModel\NewPageOldViewModel.csproj", "{11CE4222-3132-4F95-97FD-1F5DB3D4044A}"
EndProject
Project("{FAE04EC0-301F-11D3-BF4B-00C04F79EFBC}") = "BasicAuth2", "BasicAuth2\BasicAuth2.csproj", "{E0ADC87B-1E11-4475-9706-2FF662A88BAA}"
EndProject
Global
	GlobalSection(SolutionConfigurationPlatforms) = preSolution
		Ad-Hoc|Any CPU = Ad-Hoc|Any CPU
		Ad-Hoc|ARM = Ad-Hoc|ARM
		Ad-Hoc|iPhone = Ad-Hoc|iPhone
		Ad-Hoc|iPhoneSimulator = Ad-Hoc|iPhoneSimulator
		Ad-Hoc|x64 = Ad-Hoc|x64
		Ad-Hoc|x86 = Ad-Hoc|x86
		AppStore|Any CPU = AppStore|Any CPU
		AppStore|ARM = AppStore|ARM
		AppStore|iPhone = AppStore|iPhone
		AppStore|iPhoneSimulator = AppStore|iPhoneSimulator
		AppStore|x64 = AppStore|x64
		AppStore|x86 = AppStore|x86
		Debug|Any CPU = Debug|Any CPU
		Debug|ARM = Debug|ARM
		Debug|iPhone = Debug|iPhone
		Debug|iPhoneSimulator = Debug|iPhoneSimulator
		Debug|x64 = Debug|x64
		Debug|x86 = Debug|x86
		Release|Any CPU = Release|Any CPU
		Release|ARM = Release|ARM
		Release|iPhone = Release|iPhone
		Release|iPhoneSimulator = Release|iPhoneSimulator
		Release|x64 = Release|x64
		Release|x86 = Release|x86
	EndGlobalSection
	GlobalSection(ProjectConfigurationPlatforms) = postSolution
		{DF03F997-B0CA-41E0-8E50-16D0C2E1CC8B}.Ad-Hoc|Any CPU.ActiveCfg = Release|Any CPU
		{DF03F997-B0CA-41E0-8E50-16D0C2E1CC8B}.Ad-Hoc|Any CPU.Build.0 = Release|Any CPU
		{DF03F997-B0CA-41E0-8E50-16D0C2E1CC8B}.Ad-Hoc|ARM.ActiveCfg = Release|Any CPU
		{DF03F997-B0CA-41E0-8E50-16D0C2E1CC8B}.Ad-Hoc|ARM.Build.0 = Release|Any CPU
		{DF03F997-B0CA-41E0-8E50-16D0C2E1CC8B}.Ad-Hoc|iPhone.ActiveCfg = Release|Any CPU
		{DF03F997-B0CA-41E0-8E50-16D0C2E1CC8B}.Ad-Hoc|iPhone.Build.0 = Release|Any CPU
		{DF03F997-B0CA-41E0-8E50-16D0C2E1CC8B}.Ad-Hoc|iPhoneSimulator.ActiveCfg = Release|Any CPU
		{DF03F997-B0CA-41E0-8E50-16D0C2E1CC8B}.Ad-Hoc|iPhoneSimulator.Build.0 = Release|Any CPU
		{DF03F997-B0CA-41E0-8E50-16D0C2E1CC8B}.Ad-Hoc|x64.ActiveCfg = Release|Any CPU
		{DF03F997-B0CA-41E0-8E50-16D0C2E1CC8B}.Ad-Hoc|x64.Build.0 = Release|Any CPU
		{DF03F997-B0CA-41E0-8E50-16D0C2E1CC8B}.Ad-Hoc|x86.ActiveCfg = Release|Any CPU
		{DF03F997-B0CA-41E0-8E50-16D0C2E1CC8B}.Ad-Hoc|x86.Build.0 = Release|Any CPU
		{DF03F997-B0CA-41E0-8E50-16D0C2E1CC8B}.AppStore|Any CPU.ActiveCfg = Release|Any CPU
		{DF03F997-B0CA-41E0-8E50-16D0C2E1CC8B}.AppStore|Any CPU.Build.0 = Release|Any CPU
		{DF03F997-B0CA-41E0-8E50-16D0C2E1CC8B}.AppStore|ARM.ActiveCfg = Release|Any CPU
		{DF03F997-B0CA-41E0-8E50-16D0C2E1CC8B}.AppStore|ARM.Build.0 = Release|Any CPU
		{DF03F997-B0CA-41E0-8E50-16D0C2E1CC8B}.AppStore|iPhone.ActiveCfg = Release|Any CPU
		{DF03F997-B0CA-41E0-8E50-16D0C2E1CC8B}.AppStore|iPhone.Build.0 = Release|Any CPU
		{DF03F997-B0CA-41E0-8E50-16D0C2E1CC8B}.AppStore|iPhoneSimulator.ActiveCfg = Release|Any CPU
		{DF03F997-B0CA-41E0-8E50-16D0C2E1CC8B}.AppStore|iPhoneSimulator.Build.0 = Release|Any CPU
		{DF03F997-B0CA-41E0-8E50-16D0C2E1CC8B}.AppStore|x64.ActiveCfg = Release|Any CPU
		{DF03F997-B0CA-41E0-8E50-16D0C2E1CC8B}.AppStore|x64.Build.0 = Release|Any CPU
		{DF03F997-B0CA-41E0-8E50-16D0C2E1CC8B}.AppStore|x86.ActiveCfg = Release|Any CPU
		{DF03F997-B0CA-41E0-8E50-16D0C2E1CC8B}.AppStore|x86.Build.0 = Release|Any CPU
		{DF03F997-B0CA-41E0-8E50-16D0C2E1CC8B}.Debug|Any CPU.ActiveCfg = Debug|Any CPU
		{DF03F997-B0CA-41E0-8E50-16D0C2E1CC8B}.Debug|Any CPU.Build.0 = Debug|Any CPU
		{DF03F997-B0CA-41E0-8E50-16D0C2E1CC8B}.Debug|ARM.ActiveCfg = Debug|Any CPU
		{DF03F997-B0CA-41E0-8E50-16D0C2E1CC8B}.Debug|ARM.Build.0 = Debug|Any CPU
		{DF03F997-B0CA-41E0-8E50-16D0C2E1CC8B}.Debug|iPhone.ActiveCfg = Debug|Any CPU
		{DF03F997-B0CA-41E0-8E50-16D0C2E1CC8B}.Debug|iPhone.Build.0 = Debug|Any CPU
		{DF03F997-B0CA-41E0-8E50-16D0C2E1CC8B}.Debug|iPhoneSimulator.ActiveCfg = Debug|Any CPU
		{DF03F997-B0CA-41E0-8E50-16D0C2E1CC8B}.Debug|iPhoneSimulator.Build.0 = Debug|Any CPU
		{DF03F997-B0CA-41E0-8E50-16D0C2E1CC8B}.Debug|x64.ActiveCfg = Debug|Any CPU
		{DF03F997-B0CA-41E0-8E50-16D0C2E1CC8B}.Debug|x64.Build.0 = Debug|Any CPU
		{DF03F997-B0CA-41E0-8E50-16D0C2E1CC8B}.Debug|x86.ActiveCfg = Debug|Any CPU
		{DF03F997-B0CA-41E0-8E50-16D0C2E1CC8B}.Debug|x86.Build.0 = Debug|Any CPU
		{DF03F997-B0CA-41E0-8E50-16D0C2E1CC8B}.Release|Any CPU.ActiveCfg = Release|Any CPU
		{DF03F997-B0CA-41E0-8E50-16D0C2E1CC8B}.Release|Any CPU.Build.0 = Release|Any CPU
		{DF03F997-B0CA-41E0-8E50-16D0C2E1CC8B}.Release|ARM.ActiveCfg = Release|Any CPU
		{DF03F997-B0CA-41E0-8E50-16D0C2E1CC8B}.Release|ARM.Build.0 = Release|Any CPU
		{DF03F997-B0CA-41E0-8E50-16D0C2E1CC8B}.Release|iPhone.ActiveCfg = Release|Any CPU
		{DF03F997-B0CA-41E0-8E50-16D0C2E1CC8B}.Release|iPhone.Build.0 = Release|Any CPU
		{DF03F997-B0CA-41E0-8E50-16D0C2E1CC8B}.Release|iPhoneSimulator.ActiveCfg = Release|Any CPU
		{DF03F997-B0CA-41E0-8E50-16D0C2E1CC8B}.Release|iPhoneSimulator.Build.0 = Release|Any CPU
		{DF03F997-B0CA-41E0-8E50-16D0C2E1CC8B}.Release|x64.ActiveCfg = Release|Any CPU
		{DF03F997-B0CA-41E0-8E50-16D0C2E1CC8B}.Release|x64.Build.0 = Release|Any CPU
		{DF03F997-B0CA-41E0-8E50-16D0C2E1CC8B}.Release|x86.ActiveCfg = Release|Any CPU
		{DF03F997-B0CA-41E0-8E50-16D0C2E1CC8B}.Release|x86.Build.0 = Release|Any CPU
		{67F9D3A8-F71E-4428-913F-C37AE82CDB24}.Ad-Hoc|Any CPU.ActiveCfg = Release|Any CPU
		{67F9D3A8-F71E-4428-913F-C37AE82CDB24}.Ad-Hoc|Any CPU.Build.0 = Release|Any CPU
		{67F9D3A8-F71E-4428-913F-C37AE82CDB24}.Ad-Hoc|ARM.ActiveCfg = Release|Any CPU
		{67F9D3A8-F71E-4428-913F-C37AE82CDB24}.Ad-Hoc|ARM.Build.0 = Release|Any CPU
		{67F9D3A8-F71E-4428-913F-C37AE82CDB24}.Ad-Hoc|iPhone.ActiveCfg = Release|Any CPU
		{67F9D3A8-F71E-4428-913F-C37AE82CDB24}.Ad-Hoc|iPhone.Build.0 = Release|Any CPU
		{67F9D3A8-F71E-4428-913F-C37AE82CDB24}.Ad-Hoc|iPhoneSimulator.ActiveCfg = Release|Any CPU
		{67F9D3A8-F71E-4428-913F-C37AE82CDB24}.Ad-Hoc|iPhoneSimulator.Build.0 = Release|Any CPU
		{67F9D3A8-F71E-4428-913F-C37AE82CDB24}.Ad-Hoc|x64.ActiveCfg = Release|Any CPU
		{67F9D3A8-F71E-4428-913F-C37AE82CDB24}.Ad-Hoc|x64.Build.0 = Release|Any CPU
		{67F9D3A8-F71E-4428-913F-C37AE82CDB24}.Ad-Hoc|x86.ActiveCfg = Release|Any CPU
		{67F9D3A8-F71E-4428-913F-C37AE82CDB24}.Ad-Hoc|x86.Build.0 = Release|Any CPU
		{67F9D3A8-F71E-4428-913F-C37AE82CDB24}.AppStore|Any CPU.ActiveCfg = Release|Any CPU
		{67F9D3A8-F71E-4428-913F-C37AE82CDB24}.AppStore|Any CPU.Build.0 = Release|Any CPU
		{67F9D3A8-F71E-4428-913F-C37AE82CDB24}.AppStore|ARM.ActiveCfg = Release|Any CPU
		{67F9D3A8-F71E-4428-913F-C37AE82CDB24}.AppStore|ARM.Build.0 = Release|Any CPU
		{67F9D3A8-F71E-4428-913F-C37AE82CDB24}.AppStore|iPhone.ActiveCfg = Release|Any CPU
		{67F9D3A8-F71E-4428-913F-C37AE82CDB24}.AppStore|iPhone.Build.0 = Release|Any CPU
		{67F9D3A8-F71E-4428-913F-C37AE82CDB24}.AppStore|iPhoneSimulator.ActiveCfg = Release|Any CPU
		{67F9D3A8-F71E-4428-913F-C37AE82CDB24}.AppStore|iPhoneSimulator.Build.0 = Release|Any CPU
		{67F9D3A8-F71E-4428-913F-C37AE82CDB24}.AppStore|x64.ActiveCfg = Release|Any CPU
		{67F9D3A8-F71E-4428-913F-C37AE82CDB24}.AppStore|x64.Build.0 = Release|Any CPU
		{67F9D3A8-F71E-4428-913F-C37AE82CDB24}.AppStore|x86.ActiveCfg = Release|Any CPU
		{67F9D3A8-F71E-4428-913F-C37AE82CDB24}.AppStore|x86.Build.0 = Release|Any CPU
		{67F9D3A8-F71E-4428-913F-C37AE82CDB24}.Debug|Any CPU.ActiveCfg = Debug|Any CPU
		{67F9D3A8-F71E-4428-913F-C37AE82CDB24}.Debug|Any CPU.Build.0 = Debug|Any CPU
		{67F9D3A8-F71E-4428-913F-C37AE82CDB24}.Debug|ARM.ActiveCfg = Debug|Any CPU
		{67F9D3A8-F71E-4428-913F-C37AE82CDB24}.Debug|ARM.Build.0 = Debug|Any CPU
		{67F9D3A8-F71E-4428-913F-C37AE82CDB24}.Debug|iPhone.ActiveCfg = Debug|Any CPU
		{67F9D3A8-F71E-4428-913F-C37AE82CDB24}.Debug|iPhone.Build.0 = Debug|Any CPU
		{67F9D3A8-F71E-4428-913F-C37AE82CDB24}.Debug|iPhoneSimulator.ActiveCfg = Debug|Any CPU
		{67F9D3A8-F71E-4428-913F-C37AE82CDB24}.Debug|iPhoneSimulator.Build.0 = Debug|Any CPU
		{67F9D3A8-F71E-4428-913F-C37AE82CDB24}.Debug|x64.ActiveCfg = Debug|Any CPU
		{67F9D3A8-F71E-4428-913F-C37AE82CDB24}.Debug|x64.Build.0 = Debug|Any CPU
		{67F9D3A8-F71E-4428-913F-C37AE82CDB24}.Debug|x86.ActiveCfg = Debug|Any CPU
		{67F9D3A8-F71E-4428-913F-C37AE82CDB24}.Debug|x86.Build.0 = Debug|Any CPU
		{67F9D3A8-F71E-4428-913F-C37AE82CDB24}.Release|Any CPU.ActiveCfg = Release|Any CPU
		{67F9D3A8-F71E-4428-913F-C37AE82CDB24}.Release|Any CPU.Build.0 = Release|Any CPU
		{67F9D3A8-F71E-4428-913F-C37AE82CDB24}.Release|ARM.ActiveCfg = Release|Any CPU
		{67F9D3A8-F71E-4428-913F-C37AE82CDB24}.Release|ARM.Build.0 = Release|Any CPU
		{67F9D3A8-F71E-4428-913F-C37AE82CDB24}.Release|iPhone.ActiveCfg = Release|Any CPU
		{67F9D3A8-F71E-4428-913F-C37AE82CDB24}.Release|iPhone.Build.0 = Release|Any CPU
		{67F9D3A8-F71E-4428-913F-C37AE82CDB24}.Release|iPhoneSimulator.ActiveCfg = Release|Any CPU
		{67F9D3A8-F71E-4428-913F-C37AE82CDB24}.Release|iPhoneSimulator.Build.0 = Release|Any CPU
		{67F9D3A8-F71E-4428-913F-C37AE82CDB24}.Release|x64.ActiveCfg = Release|Any CPU
		{67F9D3A8-F71E-4428-913F-C37AE82CDB24}.Release|x64.Build.0 = Release|Any CPU
		{67F9D3A8-F71E-4428-913F-C37AE82CDB24}.Release|x86.ActiveCfg = Release|Any CPU
		{67F9D3A8-F71E-4428-913F-C37AE82CDB24}.Release|x86.Build.0 = Release|Any CPU
		{691C3903-3A28-42D5-91CD-6862E8DEFB7F}.Ad-Hoc|Any CPU.ActiveCfg = Release|Any CPU
		{691C3903-3A28-42D5-91CD-6862E8DEFB7F}.Ad-Hoc|Any CPU.Build.0 = Release|Any CPU
		{691C3903-3A28-42D5-91CD-6862E8DEFB7F}.Ad-Hoc|Any CPU.Deploy.0 = Release|Any CPU
		{691C3903-3A28-42D5-91CD-6862E8DEFB7F}.Ad-Hoc|ARM.ActiveCfg = Release|Any CPU
		{691C3903-3A28-42D5-91CD-6862E8DEFB7F}.Ad-Hoc|ARM.Build.0 = Release|Any CPU
		{691C3903-3A28-42D5-91CD-6862E8DEFB7F}.Ad-Hoc|ARM.Deploy.0 = Release|Any CPU
		{691C3903-3A28-42D5-91CD-6862E8DEFB7F}.Ad-Hoc|iPhone.ActiveCfg = Release|Any CPU
		{691C3903-3A28-42D5-91CD-6862E8DEFB7F}.Ad-Hoc|iPhone.Build.0 = Release|Any CPU
		{691C3903-3A28-42D5-91CD-6862E8DEFB7F}.Ad-Hoc|iPhone.Deploy.0 = Release|Any CPU
		{691C3903-3A28-42D5-91CD-6862E8DEFB7F}.Ad-Hoc|iPhoneSimulator.ActiveCfg = Release|Any CPU
		{691C3903-3A28-42D5-91CD-6862E8DEFB7F}.Ad-Hoc|iPhoneSimulator.Build.0 = Release|Any CPU
		{691C3903-3A28-42D5-91CD-6862E8DEFB7F}.Ad-Hoc|iPhoneSimulator.Deploy.0 = Release|Any CPU
		{691C3903-3A28-42D5-91CD-6862E8DEFB7F}.Ad-Hoc|x64.ActiveCfg = Release|Any CPU
		{691C3903-3A28-42D5-91CD-6862E8DEFB7F}.Ad-Hoc|x64.Build.0 = Release|Any CPU
		{691C3903-3A28-42D5-91CD-6862E8DEFB7F}.Ad-Hoc|x64.Deploy.0 = Release|Any CPU
		{691C3903-3A28-42D5-91CD-6862E8DEFB7F}.Ad-Hoc|x86.ActiveCfg = Release|Any CPU
		{691C3903-3A28-42D5-91CD-6862E8DEFB7F}.Ad-Hoc|x86.Build.0 = Release|Any CPU
		{691C3903-3A28-42D5-91CD-6862E8DEFB7F}.Ad-Hoc|x86.Deploy.0 = Release|Any CPU
		{691C3903-3A28-42D5-91CD-6862E8DEFB7F}.AppStore|Any CPU.ActiveCfg = Release|Any CPU
		{691C3903-3A28-42D5-91CD-6862E8DEFB7F}.AppStore|Any CPU.Build.0 = Release|Any CPU
		{691C3903-3A28-42D5-91CD-6862E8DEFB7F}.AppStore|Any CPU.Deploy.0 = Release|Any CPU
		{691C3903-3A28-42D5-91CD-6862E8DEFB7F}.AppStore|ARM.ActiveCfg = Release|Any CPU
		{691C3903-3A28-42D5-91CD-6862E8DEFB7F}.AppStore|ARM.Build.0 = Release|Any CPU
		{691C3903-3A28-42D5-91CD-6862E8DEFB7F}.AppStore|ARM.Deploy.0 = Release|Any CPU
		{691C3903-3A28-42D5-91CD-6862E8DEFB7F}.AppStore|iPhone.ActiveCfg = Release|Any CPU
		{691C3903-3A28-42D5-91CD-6862E8DEFB7F}.AppStore|iPhone.Build.0 = Release|Any CPU
		{691C3903-3A28-42D5-91CD-6862E8DEFB7F}.AppStore|iPhone.Deploy.0 = Release|Any CPU
		{691C3903-3A28-42D5-91CD-6862E8DEFB7F}.AppStore|iPhoneSimulator.ActiveCfg = Release|Any CPU
		{691C3903-3A28-42D5-91CD-6862E8DEFB7F}.AppStore|iPhoneSimulator.Build.0 = Release|Any CPU
		{691C3903-3A28-42D5-91CD-6862E8DEFB7F}.AppStore|iPhoneSimulator.Deploy.0 = Release|Any CPU
		{691C3903-3A28-42D5-91CD-6862E8DEFB7F}.AppStore|x64.ActiveCfg = Release|Any CPU
		{691C3903-3A28-42D5-91CD-6862E8DEFB7F}.AppStore|x64.Build.0 = Release|Any CPU
		{691C3903-3A28-42D5-91CD-6862E8DEFB7F}.AppStore|x64.Deploy.0 = Release|Any CPU
		{691C3903-3A28-42D5-91CD-6862E8DEFB7F}.AppStore|x86.ActiveCfg = Release|Any CPU
		{691C3903-3A28-42D5-91CD-6862E8DEFB7F}.AppStore|x86.Build.0 = Release|Any CPU
		{691C3903-3A28-42D5-91CD-6862E8DEFB7F}.AppStore|x86.Deploy.0 = Release|Any CPU
		{691C3903-3A28-42D5-91CD-6862E8DEFB7F}.Debug|Any CPU.ActiveCfg = Debug|Any CPU
		{691C3903-3A28-42D5-91CD-6862E8DEFB7F}.Debug|Any CPU.Build.0 = Debug|Any CPU
		{691C3903-3A28-42D5-91CD-6862E8DEFB7F}.Debug|Any CPU.Deploy.0 = Debug|Any CPU
		{691C3903-3A28-42D5-91CD-6862E8DEFB7F}.Debug|ARM.ActiveCfg = Debug|Any CPU
		{691C3903-3A28-42D5-91CD-6862E8DEFB7F}.Debug|ARM.Build.0 = Debug|Any CPU
		{691C3903-3A28-42D5-91CD-6862E8DEFB7F}.Debug|ARM.Deploy.0 = Debug|Any CPU
		{691C3903-3A28-42D5-91CD-6862E8DEFB7F}.Debug|iPhone.ActiveCfg = Debug|Any CPU
		{691C3903-3A28-42D5-91CD-6862E8DEFB7F}.Debug|iPhone.Build.0 = Debug|Any CPU
		{691C3903-3A28-42D5-91CD-6862E8DEFB7F}.Debug|iPhone.Deploy.0 = Debug|Any CPU
		{691C3903-3A28-42D5-91CD-6862E8DEFB7F}.Debug|iPhoneSimulator.ActiveCfg = Debug|Any CPU
		{691C3903-3A28-42D5-91CD-6862E8DEFB7F}.Debug|iPhoneSimulator.Build.0 = Debug|Any CPU
		{691C3903-3A28-42D5-91CD-6862E8DEFB7F}.Debug|iPhoneSimulator.Deploy.0 = Debug|Any CPU
		{691C3903-3A28-42D5-91CD-6862E8DEFB7F}.Debug|x64.ActiveCfg = Debug|Any CPU
		{691C3903-3A28-42D5-91CD-6862E8DEFB7F}.Debug|x64.Build.0 = Debug|Any CPU
		{691C3903-3A28-42D5-91CD-6862E8DEFB7F}.Debug|x64.Deploy.0 = Debug|Any CPU
		{691C3903-3A28-42D5-91CD-6862E8DEFB7F}.Debug|x86.ActiveCfg = Debug|Any CPU
		{691C3903-3A28-42D5-91CD-6862E8DEFB7F}.Debug|x86.Build.0 = Debug|Any CPU
		{691C3903-3A28-42D5-91CD-6862E8DEFB7F}.Debug|x86.Deploy.0 = Debug|Any CPU
		{691C3903-3A28-42D5-91CD-6862E8DEFB7F}.Release|Any CPU.ActiveCfg = Release|Any CPU
		{691C3903-3A28-42D5-91CD-6862E8DEFB7F}.Release|Any CPU.Build.0 = Release|Any CPU
		{691C3903-3A28-42D5-91CD-6862E8DEFB7F}.Release|Any CPU.Deploy.0 = Release|Any CPU
		{691C3903-3A28-42D5-91CD-6862E8DEFB7F}.Release|ARM.ActiveCfg = Release|Any CPU
		{691C3903-3A28-42D5-91CD-6862E8DEFB7F}.Release|ARM.Build.0 = Release|Any CPU
		{691C3903-3A28-42D5-91CD-6862E8DEFB7F}.Release|ARM.Deploy.0 = Release|Any CPU
		{691C3903-3A28-42D5-91CD-6862E8DEFB7F}.Release|iPhone.ActiveCfg = Release|Any CPU
		{691C3903-3A28-42D5-91CD-6862E8DEFB7F}.Release|iPhone.Build.0 = Release|Any CPU
		{691C3903-3A28-42D5-91CD-6862E8DEFB7F}.Release|iPhone.Deploy.0 = Release|Any CPU
		{691C3903-3A28-42D5-91CD-6862E8DEFB7F}.Release|iPhoneSimulator.ActiveCfg = Release|Any CPU
		{691C3903-3A28-42D5-91CD-6862E8DEFB7F}.Release|iPhoneSimulator.Build.0 = Release|Any CPU
		{691C3903-3A28-42D5-91CD-6862E8DEFB7F}.Release|iPhoneSimulator.Deploy.0 = Release|Any CPU
		{691C3903-3A28-42D5-91CD-6862E8DEFB7F}.Release|x64.ActiveCfg = Release|Any CPU
		{691C3903-3A28-42D5-91CD-6862E8DEFB7F}.Release|x64.Build.0 = Release|Any CPU
		{691C3903-3A28-42D5-91CD-6862E8DEFB7F}.Release|x64.Deploy.0 = Release|Any CPU
		{691C3903-3A28-42D5-91CD-6862E8DEFB7F}.Release|x86.ActiveCfg = Release|Any CPU
		{691C3903-3A28-42D5-91CD-6862E8DEFB7F}.Release|x86.Build.0 = Release|Any CPU
		{691C3903-3A28-42D5-91CD-6862E8DEFB7F}.Release|x86.Deploy.0 = Release|Any CPU
		{560DDDE8-902B-4345-A129-377EB02EF57F}.Ad-Hoc|Any CPU.ActiveCfg = Ad-Hoc|iPhone
		{560DDDE8-902B-4345-A129-377EB02EF57F}.Ad-Hoc|ARM.ActiveCfg = Ad-Hoc|iPhone
		{560DDDE8-902B-4345-A129-377EB02EF57F}.Ad-Hoc|iPhone.ActiveCfg = Ad-Hoc|iPhone
		{560DDDE8-902B-4345-A129-377EB02EF57F}.Ad-Hoc|iPhone.Build.0 = Ad-Hoc|iPhone
		{560DDDE8-902B-4345-A129-377EB02EF57F}.Ad-Hoc|iPhoneSimulator.ActiveCfg = Ad-Hoc|iPhoneSimulator
		{560DDDE8-902B-4345-A129-377EB02EF57F}.Ad-Hoc|iPhoneSimulator.Build.0 = Ad-Hoc|iPhoneSimulator
		{560DDDE8-902B-4345-A129-377EB02EF57F}.Ad-Hoc|x64.ActiveCfg = Ad-Hoc|iPhone
		{560DDDE8-902B-4345-A129-377EB02EF57F}.Ad-Hoc|x86.ActiveCfg = Ad-Hoc|iPhone
		{560DDDE8-902B-4345-A129-377EB02EF57F}.AppStore|Any CPU.ActiveCfg = AppStore|iPhone
		{560DDDE8-902B-4345-A129-377EB02EF57F}.AppStore|ARM.ActiveCfg = AppStore|iPhone
		{560DDDE8-902B-4345-A129-377EB02EF57F}.AppStore|iPhone.ActiveCfg = AppStore|iPhone
		{560DDDE8-902B-4345-A129-377EB02EF57F}.AppStore|iPhone.Build.0 = AppStore|iPhone
		{560DDDE8-902B-4345-A129-377EB02EF57F}.AppStore|iPhoneSimulator.ActiveCfg = AppStore|iPhoneSimulator
		{560DDDE8-902B-4345-A129-377EB02EF57F}.AppStore|iPhoneSimulator.Build.0 = AppStore|iPhoneSimulator
		{560DDDE8-902B-4345-A129-377EB02EF57F}.AppStore|x64.ActiveCfg = AppStore|iPhone
		{560DDDE8-902B-4345-A129-377EB02EF57F}.AppStore|x86.ActiveCfg = AppStore|iPhone
		{560DDDE8-902B-4345-A129-377EB02EF57F}.Debug|Any CPU.ActiveCfg = Debug|iPhone
		{560DDDE8-902B-4345-A129-377EB02EF57F}.Debug|ARM.ActiveCfg = Debug|iPhone
		{560DDDE8-902B-4345-A129-377EB02EF57F}.Debug|iPhone.ActiveCfg = Debug|iPhone
		{560DDDE8-902B-4345-A129-377EB02EF57F}.Debug|iPhone.Build.0 = Debug|iPhone
		{560DDDE8-902B-4345-A129-377EB02EF57F}.Debug|iPhoneSimulator.ActiveCfg = Debug|iPhoneSimulator
		{560DDDE8-902B-4345-A129-377EB02EF57F}.Debug|iPhoneSimulator.Build.0 = Debug|iPhoneSimulator
		{560DDDE8-902B-4345-A129-377EB02EF57F}.Debug|x64.ActiveCfg = Debug|iPhone
		{560DDDE8-902B-4345-A129-377EB02EF57F}.Debug|x86.ActiveCfg = Debug|iPhone
		{560DDDE8-902B-4345-A129-377EB02EF57F}.Release|Any CPU.ActiveCfg = Release|iPhone
		{560DDDE8-902B-4345-A129-377EB02EF57F}.Release|ARM.ActiveCfg = Release|iPhone
		{560DDDE8-902B-4345-A129-377EB02EF57F}.Release|iPhone.ActiveCfg = Release|iPhone
		{560DDDE8-902B-4345-A129-377EB02EF57F}.Release|iPhone.Build.0 = Release|iPhone
		{560DDDE8-902B-4345-A129-377EB02EF57F}.Release|iPhoneSimulator.ActiveCfg = Release|iPhoneSimulator
		{560DDDE8-902B-4345-A129-377EB02EF57F}.Release|iPhoneSimulator.Build.0 = Release|iPhoneSimulator
		{560DDDE8-902B-4345-A129-377EB02EF57F}.Release|x64.ActiveCfg = Release|iPhone
		{560DDDE8-902B-4345-A129-377EB02EF57F}.Release|x86.ActiveCfg = Release|iPhone
		{598E3125-2EAC-4032-BE1D-EA9C009696A8}.Ad-Hoc|Any CPU.ActiveCfg = Release|Any CPU
		{598E3125-2EAC-4032-BE1D-EA9C009696A8}.Ad-Hoc|Any CPU.Build.0 = Release|Any CPU
		{598E3125-2EAC-4032-BE1D-EA9C009696A8}.Ad-Hoc|Any CPU.Deploy.0 = Release|Any CPU
		{598E3125-2EAC-4032-BE1D-EA9C009696A8}.Ad-Hoc|ARM.ActiveCfg = Release|ARM
		{598E3125-2EAC-4032-BE1D-EA9C009696A8}.Ad-Hoc|ARM.Build.0 = Release|ARM
		{598E3125-2EAC-4032-BE1D-EA9C009696A8}.Ad-Hoc|ARM.Deploy.0 = Release|ARM
		{598E3125-2EAC-4032-BE1D-EA9C009696A8}.Ad-Hoc|iPhone.ActiveCfg = Release|Any CPU
		{598E3125-2EAC-4032-BE1D-EA9C009696A8}.Ad-Hoc|iPhone.Build.0 = Release|Any CPU
		{598E3125-2EAC-4032-BE1D-EA9C009696A8}.Ad-Hoc|iPhone.Deploy.0 = Release|Any CPU
		{598E3125-2EAC-4032-BE1D-EA9C009696A8}.Ad-Hoc|iPhoneSimulator.ActiveCfg = Release|Any CPU
		{598E3125-2EAC-4032-BE1D-EA9C009696A8}.Ad-Hoc|iPhoneSimulator.Build.0 = Release|Any CPU
		{598E3125-2EAC-4032-BE1D-EA9C009696A8}.Ad-Hoc|iPhoneSimulator.Deploy.0 = Release|Any CPU
		{598E3125-2EAC-4032-BE1D-EA9C009696A8}.Ad-Hoc|x64.ActiveCfg = Release|Any CPU
		{598E3125-2EAC-4032-BE1D-EA9C009696A8}.Ad-Hoc|x64.Build.0 = Release|Any CPU
		{598E3125-2EAC-4032-BE1D-EA9C009696A8}.Ad-Hoc|x64.Deploy.0 = Release|Any CPU
		{598E3125-2EAC-4032-BE1D-EA9C009696A8}.Ad-Hoc|x86.ActiveCfg = Release|x86
		{598E3125-2EAC-4032-BE1D-EA9C009696A8}.Ad-Hoc|x86.Build.0 = Release|x86
		{598E3125-2EAC-4032-BE1D-EA9C009696A8}.Ad-Hoc|x86.Deploy.0 = Release|x86
		{598E3125-2EAC-4032-BE1D-EA9C009696A8}.AppStore|Any CPU.ActiveCfg = Release|Any CPU
		{598E3125-2EAC-4032-BE1D-EA9C009696A8}.AppStore|Any CPU.Build.0 = Release|Any CPU
		{598E3125-2EAC-4032-BE1D-EA9C009696A8}.AppStore|Any CPU.Deploy.0 = Release|Any CPU
		{598E3125-2EAC-4032-BE1D-EA9C009696A8}.AppStore|ARM.ActiveCfg = Release|ARM
		{598E3125-2EAC-4032-BE1D-EA9C009696A8}.AppStore|ARM.Build.0 = Release|ARM
		{598E3125-2EAC-4032-BE1D-EA9C009696A8}.AppStore|ARM.Deploy.0 = Release|ARM
		{598E3125-2EAC-4032-BE1D-EA9C009696A8}.AppStore|iPhone.ActiveCfg = Release|Any CPU
		{598E3125-2EAC-4032-BE1D-EA9C009696A8}.AppStore|iPhone.Build.0 = Release|Any CPU
		{598E3125-2EAC-4032-BE1D-EA9C009696A8}.AppStore|iPhone.Deploy.0 = Release|Any CPU
		{598E3125-2EAC-4032-BE1D-EA9C009696A8}.AppStore|iPhoneSimulator.ActiveCfg = Release|Any CPU
		{598E3125-2EAC-4032-BE1D-EA9C009696A8}.AppStore|iPhoneSimulator.Build.0 = Release|Any CPU
		{598E3125-2EAC-4032-BE1D-EA9C009696A8}.AppStore|iPhoneSimulator.Deploy.0 = Release|Any CPU
		{598E3125-2EAC-4032-BE1D-EA9C009696A8}.AppStore|x64.ActiveCfg = Release|Any CPU
		{598E3125-2EAC-4032-BE1D-EA9C009696A8}.AppStore|x64.Build.0 = Release|Any CPU
		{598E3125-2EAC-4032-BE1D-EA9C009696A8}.AppStore|x64.Deploy.0 = Release|Any CPU
		{598E3125-2EAC-4032-BE1D-EA9C009696A8}.AppStore|x86.ActiveCfg = Release|x86
		{598E3125-2EAC-4032-BE1D-EA9C009696A8}.AppStore|x86.Build.0 = Release|x86
		{598E3125-2EAC-4032-BE1D-EA9C009696A8}.AppStore|x86.Deploy.0 = Release|x86
		{598E3125-2EAC-4032-BE1D-EA9C009696A8}.Debug|Any CPU.ActiveCfg = Debug|Any CPU
		{598E3125-2EAC-4032-BE1D-EA9C009696A8}.Debug|Any CPU.Build.0 = Debug|Any CPU
		{598E3125-2EAC-4032-BE1D-EA9C009696A8}.Debug|Any CPU.Deploy.0 = Debug|Any CPU
		{598E3125-2EAC-4032-BE1D-EA9C009696A8}.Debug|ARM.ActiveCfg = Debug|ARM
		{598E3125-2EAC-4032-BE1D-EA9C009696A8}.Debug|ARM.Build.0 = Debug|ARM
		{598E3125-2EAC-4032-BE1D-EA9C009696A8}.Debug|ARM.Deploy.0 = Debug|ARM
		{598E3125-2EAC-4032-BE1D-EA9C009696A8}.Debug|iPhone.ActiveCfg = Debug|Any CPU
		{598E3125-2EAC-4032-BE1D-EA9C009696A8}.Debug|iPhone.Build.0 = Debug|Any CPU
		{598E3125-2EAC-4032-BE1D-EA9C009696A8}.Debug|iPhone.Deploy.0 = Debug|Any CPU
		{598E3125-2EAC-4032-BE1D-EA9C009696A8}.Debug|iPhoneSimulator.ActiveCfg = Debug|Any CPU
		{598E3125-2EAC-4032-BE1D-EA9C009696A8}.Debug|iPhoneSimulator.Build.0 = Debug|Any CPU
		{598E3125-2EAC-4032-BE1D-EA9C009696A8}.Debug|iPhoneSimulator.Deploy.0 = Debug|Any CPU
		{598E3125-2EAC-4032-BE1D-EA9C009696A8}.Debug|x64.ActiveCfg = Debug|Any CPU
		{598E3125-2EAC-4032-BE1D-EA9C009696A8}.Debug|x64.Build.0 = Debug|Any CPU
		{598E3125-2EAC-4032-BE1D-EA9C009696A8}.Debug|x64.Deploy.0 = Debug|Any CPU
		{598E3125-2EAC-4032-BE1D-EA9C009696A8}.Debug|x86.ActiveCfg = Debug|x86
		{598E3125-2EAC-4032-BE1D-EA9C009696A8}.Debug|x86.Build.0 = Debug|x86
		{598E3125-2EAC-4032-BE1D-EA9C009696A8}.Debug|x86.Deploy.0 = Debug|x86
		{598E3125-2EAC-4032-BE1D-EA9C009696A8}.Release|Any CPU.ActiveCfg = Release|Any CPU
		{598E3125-2EAC-4032-BE1D-EA9C009696A8}.Release|Any CPU.Build.0 = Release|Any CPU
		{598E3125-2EAC-4032-BE1D-EA9C009696A8}.Release|Any CPU.Deploy.0 = Release|Any CPU
		{598E3125-2EAC-4032-BE1D-EA9C009696A8}.Release|ARM.ActiveCfg = Release|ARM
		{598E3125-2EAC-4032-BE1D-EA9C009696A8}.Release|ARM.Build.0 = Release|ARM
		{598E3125-2EAC-4032-BE1D-EA9C009696A8}.Release|ARM.Deploy.0 = Release|ARM
		{598E3125-2EAC-4032-BE1D-EA9C009696A8}.Release|iPhone.ActiveCfg = Release|Any CPU
		{598E3125-2EAC-4032-BE1D-EA9C009696A8}.Release|iPhone.Build.0 = Release|Any CPU
		{598E3125-2EAC-4032-BE1D-EA9C009696A8}.Release|iPhone.Deploy.0 = Release|Any CPU
		{598E3125-2EAC-4032-BE1D-EA9C009696A8}.Release|iPhoneSimulator.ActiveCfg = Release|Any CPU
		{598E3125-2EAC-4032-BE1D-EA9C009696A8}.Release|iPhoneSimulator.Build.0 = Release|Any CPU
		{598E3125-2EAC-4032-BE1D-EA9C009696A8}.Release|iPhoneSimulator.Deploy.0 = Release|Any CPU
		{598E3125-2EAC-4032-BE1D-EA9C009696A8}.Release|x64.ActiveCfg = Release|Any CPU
		{598E3125-2EAC-4032-BE1D-EA9C009696A8}.Release|x64.Build.0 = Release|Any CPU
		{598E3125-2EAC-4032-BE1D-EA9C009696A8}.Release|x64.Deploy.0 = Release|Any CPU
		{598E3125-2EAC-4032-BE1D-EA9C009696A8}.Release|x86.ActiveCfg = Release|x86
		{598E3125-2EAC-4032-BE1D-EA9C009696A8}.Release|x86.Build.0 = Release|x86
		{598E3125-2EAC-4032-BE1D-EA9C009696A8}.Release|x86.Deploy.0 = Release|x86
		{6480CD24-D581-418F-AF67-FDB162454557}.Ad-Hoc|Any CPU.ActiveCfg = Release|x86
		{6480CD24-D581-418F-AF67-FDB162454557}.Ad-Hoc|Any CPU.Build.0 = Release|x86
		{6480CD24-D581-418F-AF67-FDB162454557}.Ad-Hoc|Any CPU.Deploy.0 = Release|x86
		{6480CD24-D581-418F-AF67-FDB162454557}.Ad-Hoc|ARM.ActiveCfg = Release|ARM
		{6480CD24-D581-418F-AF67-FDB162454557}.Ad-Hoc|ARM.Build.0 = Release|ARM
		{6480CD24-D581-418F-AF67-FDB162454557}.Ad-Hoc|ARM.Deploy.0 = Release|ARM
		{6480CD24-D581-418F-AF67-FDB162454557}.Ad-Hoc|iPhone.ActiveCfg = Release|x86
		{6480CD24-D581-418F-AF67-FDB162454557}.Ad-Hoc|iPhone.Build.0 = Release|x86
		{6480CD24-D581-418F-AF67-FDB162454557}.Ad-Hoc|iPhone.Deploy.0 = Release|x86
		{6480CD24-D581-418F-AF67-FDB162454557}.Ad-Hoc|iPhoneSimulator.ActiveCfg = Release|x86
		{6480CD24-D581-418F-AF67-FDB162454557}.Ad-Hoc|iPhoneSimulator.Build.0 = Release|x86
		{6480CD24-D581-418F-AF67-FDB162454557}.Ad-Hoc|iPhoneSimulator.Deploy.0 = Release|x86
		{6480CD24-D581-418F-AF67-FDB162454557}.Ad-Hoc|x64.ActiveCfg = Release|x64
		{6480CD24-D581-418F-AF67-FDB162454557}.Ad-Hoc|x64.Build.0 = Release|x64
		{6480CD24-D581-418F-AF67-FDB162454557}.Ad-Hoc|x64.Deploy.0 = Release|x64
		{6480CD24-D581-418F-AF67-FDB162454557}.Ad-Hoc|x86.ActiveCfg = Release|x86
		{6480CD24-D581-418F-AF67-FDB162454557}.Ad-Hoc|x86.Build.0 = Release|x86
		{6480CD24-D581-418F-AF67-FDB162454557}.Ad-Hoc|x86.Deploy.0 = Release|x86
		{6480CD24-D581-418F-AF67-FDB162454557}.AppStore|Any CPU.ActiveCfg = Release|x86
		{6480CD24-D581-418F-AF67-FDB162454557}.AppStore|Any CPU.Build.0 = Release|x86
		{6480CD24-D581-418F-AF67-FDB162454557}.AppStore|Any CPU.Deploy.0 = Release|x86
		{6480CD24-D581-418F-AF67-FDB162454557}.AppStore|ARM.ActiveCfg = Release|ARM
		{6480CD24-D581-418F-AF67-FDB162454557}.AppStore|ARM.Build.0 = Release|ARM
		{6480CD24-D581-418F-AF67-FDB162454557}.AppStore|ARM.Deploy.0 = Release|ARM
		{6480CD24-D581-418F-AF67-FDB162454557}.AppStore|iPhone.ActiveCfg = Release|x86
		{6480CD24-D581-418F-AF67-FDB162454557}.AppStore|iPhone.Build.0 = Release|x86
		{6480CD24-D581-418F-AF67-FDB162454557}.AppStore|iPhone.Deploy.0 = Release|x86
		{6480CD24-D581-418F-AF67-FDB162454557}.AppStore|iPhoneSimulator.ActiveCfg = Release|x86
		{6480CD24-D581-418F-AF67-FDB162454557}.AppStore|iPhoneSimulator.Build.0 = Release|x86
		{6480CD24-D581-418F-AF67-FDB162454557}.AppStore|iPhoneSimulator.Deploy.0 = Release|x86
		{6480CD24-D581-418F-AF67-FDB162454557}.AppStore|x64.ActiveCfg = Release|x64
		{6480CD24-D581-418F-AF67-FDB162454557}.AppStore|x64.Build.0 = Release|x64
		{6480CD24-D581-418F-AF67-FDB162454557}.AppStore|x64.Deploy.0 = Release|x64
		{6480CD24-D581-418F-AF67-FDB162454557}.AppStore|x86.ActiveCfg = Release|x86
		{6480CD24-D581-418F-AF67-FDB162454557}.AppStore|x86.Build.0 = Release|x86
		{6480CD24-D581-418F-AF67-FDB162454557}.AppStore|x86.Deploy.0 = Release|x86
		{6480CD24-D581-418F-AF67-FDB162454557}.Debug|Any CPU.ActiveCfg = Debug|x86
		{6480CD24-D581-418F-AF67-FDB162454557}.Debug|ARM.ActiveCfg = Debug|ARM
		{6480CD24-D581-418F-AF67-FDB162454557}.Debug|ARM.Build.0 = Debug|ARM
		{6480CD24-D581-418F-AF67-FDB162454557}.Debug|ARM.Deploy.0 = Debug|ARM
		{6480CD24-D581-418F-AF67-FDB162454557}.Debug|iPhone.ActiveCfg = Debug|x86
		{6480CD24-D581-418F-AF67-FDB162454557}.Debug|iPhoneSimulator.ActiveCfg = Debug|x86
		{6480CD24-D581-418F-AF67-FDB162454557}.Debug|x64.ActiveCfg = Debug|x64
		{6480CD24-D581-418F-AF67-FDB162454557}.Debug|x64.Build.0 = Debug|x64
		{6480CD24-D581-418F-AF67-FDB162454557}.Debug|x64.Deploy.0 = Debug|x64
		{6480CD24-D581-418F-AF67-FDB162454557}.Debug|x86.ActiveCfg = Debug|x86
		{6480CD24-D581-418F-AF67-FDB162454557}.Debug|x86.Build.0 = Debug|x86
		{6480CD24-D581-418F-AF67-FDB162454557}.Debug|x86.Deploy.0 = Debug|x86
		{6480CD24-D581-418F-AF67-FDB162454557}.Release|Any CPU.ActiveCfg = Release|x86
		{6480CD24-D581-418F-AF67-FDB162454557}.Release|ARM.ActiveCfg = Release|ARM
		{6480CD24-D581-418F-AF67-FDB162454557}.Release|ARM.Build.0 = Release|ARM
		{6480CD24-D581-418F-AF67-FDB162454557}.Release|ARM.Deploy.0 = Release|ARM
		{6480CD24-D581-418F-AF67-FDB162454557}.Release|iPhone.ActiveCfg = Release|x86
		{6480CD24-D581-418F-AF67-FDB162454557}.Release|iPhoneSimulator.ActiveCfg = Release|x86
		{6480CD24-D581-418F-AF67-FDB162454557}.Release|x64.ActiveCfg = Release|x64
		{6480CD24-D581-418F-AF67-FDB162454557}.Release|x64.Build.0 = Release|x64
		{6480CD24-D581-418F-AF67-FDB162454557}.Release|x64.Deploy.0 = Release|x64
		{6480CD24-D581-418F-AF67-FDB162454557}.Release|x86.ActiveCfg = Release|x86
		{6480CD24-D581-418F-AF67-FDB162454557}.Release|x86.Build.0 = Release|x86
		{6480CD24-D581-418F-AF67-FDB162454557}.Release|x86.Deploy.0 = Release|x86
		{947EFE3F-A031-416F-B150-13956E11A3CC}.Ad-Hoc|Any CPU.ActiveCfg = Release|Any CPU
		{947EFE3F-A031-416F-B150-13956E11A3CC}.Ad-Hoc|Any CPU.Build.0 = Release|Any CPU
		{947EFE3F-A031-416F-B150-13956E11A3CC}.Ad-Hoc|Any CPU.Deploy.0 = Release|Any CPU
		{947EFE3F-A031-416F-B150-13956E11A3CC}.Ad-Hoc|ARM.ActiveCfg = Release|ARM
		{947EFE3F-A031-416F-B150-13956E11A3CC}.Ad-Hoc|ARM.Build.0 = Release|ARM
		{947EFE3F-A031-416F-B150-13956E11A3CC}.Ad-Hoc|ARM.Deploy.0 = Release|ARM
		{947EFE3F-A031-416F-B150-13956E11A3CC}.Ad-Hoc|iPhone.ActiveCfg = Release|Any CPU
		{947EFE3F-A031-416F-B150-13956E11A3CC}.Ad-Hoc|iPhone.Build.0 = Release|Any CPU
		{947EFE3F-A031-416F-B150-13956E11A3CC}.Ad-Hoc|iPhone.Deploy.0 = Release|Any CPU
		{947EFE3F-A031-416F-B150-13956E11A3CC}.Ad-Hoc|iPhoneSimulator.ActiveCfg = Release|Any CPU
		{947EFE3F-A031-416F-B150-13956E11A3CC}.Ad-Hoc|iPhoneSimulator.Build.0 = Release|Any CPU
		{947EFE3F-A031-416F-B150-13956E11A3CC}.Ad-Hoc|iPhoneSimulator.Deploy.0 = Release|Any CPU
		{947EFE3F-A031-416F-B150-13956E11A3CC}.Ad-Hoc|x64.ActiveCfg = Release|x64
		{947EFE3F-A031-416F-B150-13956E11A3CC}.Ad-Hoc|x64.Build.0 = Release|x64
		{947EFE3F-A031-416F-B150-13956E11A3CC}.Ad-Hoc|x64.Deploy.0 = Release|x64
		{947EFE3F-A031-416F-B150-13956E11A3CC}.Ad-Hoc|x86.ActiveCfg = Release|x86
		{947EFE3F-A031-416F-B150-13956E11A3CC}.Ad-Hoc|x86.Build.0 = Release|x86
		{947EFE3F-A031-416F-B150-13956E11A3CC}.Ad-Hoc|x86.Deploy.0 = Release|x86
		{947EFE3F-A031-416F-B150-13956E11A3CC}.AppStore|Any CPU.ActiveCfg = Release|Any CPU
		{947EFE3F-A031-416F-B150-13956E11A3CC}.AppStore|Any CPU.Build.0 = Release|Any CPU
		{947EFE3F-A031-416F-B150-13956E11A3CC}.AppStore|Any CPU.Deploy.0 = Release|Any CPU
		{947EFE3F-A031-416F-B150-13956E11A3CC}.AppStore|ARM.ActiveCfg = Release|ARM
		{947EFE3F-A031-416F-B150-13956E11A3CC}.AppStore|ARM.Build.0 = Release|ARM
		{947EFE3F-A031-416F-B150-13956E11A3CC}.AppStore|ARM.Deploy.0 = Release|ARM
		{947EFE3F-A031-416F-B150-13956E11A3CC}.AppStore|iPhone.ActiveCfg = Release|Any CPU
		{947EFE3F-A031-416F-B150-13956E11A3CC}.AppStore|iPhone.Build.0 = Release|Any CPU
		{947EFE3F-A031-416F-B150-13956E11A3CC}.AppStore|iPhone.Deploy.0 = Release|Any CPU
		{947EFE3F-A031-416F-B150-13956E11A3CC}.AppStore|iPhoneSimulator.ActiveCfg = Release|Any CPU
		{947EFE3F-A031-416F-B150-13956E11A3CC}.AppStore|iPhoneSimulator.Build.0 = Release|Any CPU
		{947EFE3F-A031-416F-B150-13956E11A3CC}.AppStore|iPhoneSimulator.Deploy.0 = Release|Any CPU
		{947EFE3F-A031-416F-B150-13956E11A3CC}.AppStore|x64.ActiveCfg = Release|x64
		{947EFE3F-A031-416F-B150-13956E11A3CC}.AppStore|x64.Build.0 = Release|x64
		{947EFE3F-A031-416F-B150-13956E11A3CC}.AppStore|x64.Deploy.0 = Release|x64
		{947EFE3F-A031-416F-B150-13956E11A3CC}.AppStore|x86.ActiveCfg = Release|x86
		{947EFE3F-A031-416F-B150-13956E11A3CC}.AppStore|x86.Build.0 = Release|x86
		{947EFE3F-A031-416F-B150-13956E11A3CC}.AppStore|x86.Deploy.0 = Release|x86
		{947EFE3F-A031-416F-B150-13956E11A3CC}.Debug|Any CPU.ActiveCfg = Debug|Any CPU
		{947EFE3F-A031-416F-B150-13956E11A3CC}.Debug|Any CPU.Build.0 = Debug|Any CPU
		{947EFE3F-A031-416F-B150-13956E11A3CC}.Debug|Any CPU.Deploy.0 = Debug|Any CPU
		{947EFE3F-A031-416F-B150-13956E11A3CC}.Debug|ARM.ActiveCfg = Debug|ARM
		{947EFE3F-A031-416F-B150-13956E11A3CC}.Debug|ARM.Build.0 = Debug|ARM
		{947EFE3F-A031-416F-B150-13956E11A3CC}.Debug|ARM.Deploy.0 = Debug|ARM
		{947EFE3F-A031-416F-B150-13956E11A3CC}.Debug|iPhone.ActiveCfg = Debug|Any CPU
		{947EFE3F-A031-416F-B150-13956E11A3CC}.Debug|iPhone.Build.0 = Debug|Any CPU
		{947EFE3F-A031-416F-B150-13956E11A3CC}.Debug|iPhone.Deploy.0 = Debug|Any CPU
		{947EFE3F-A031-416F-B150-13956E11A3CC}.Debug|iPhoneSimulator.ActiveCfg = Debug|Any CPU
		{947EFE3F-A031-416F-B150-13956E11A3CC}.Debug|iPhoneSimulator.Build.0 = Debug|Any CPU
		{947EFE3F-A031-416F-B150-13956E11A3CC}.Debug|iPhoneSimulator.Deploy.0 = Debug|Any CPU
		{947EFE3F-A031-416F-B150-13956E11A3CC}.Debug|x64.ActiveCfg = Debug|x64
		{947EFE3F-A031-416F-B150-13956E11A3CC}.Debug|x64.Build.0 = Debug|x64
		{947EFE3F-A031-416F-B150-13956E11A3CC}.Debug|x64.Deploy.0 = Debug|x64
		{947EFE3F-A031-416F-B150-13956E11A3CC}.Debug|x86.ActiveCfg = Debug|x86
		{947EFE3F-A031-416F-B150-13956E11A3CC}.Debug|x86.Build.0 = Debug|x86
		{947EFE3F-A031-416F-B150-13956E11A3CC}.Debug|x86.Deploy.0 = Debug|x86
		{947EFE3F-A031-416F-B150-13956E11A3CC}.Release|Any CPU.ActiveCfg = Release|Any CPU
		{947EFE3F-A031-416F-B150-13956E11A3CC}.Release|Any CPU.Build.0 = Release|Any CPU
		{947EFE3F-A031-416F-B150-13956E11A3CC}.Release|Any CPU.Deploy.0 = Release|Any CPU
		{947EFE3F-A031-416F-B150-13956E11A3CC}.Release|ARM.ActiveCfg = Release|ARM
		{947EFE3F-A031-416F-B150-13956E11A3CC}.Release|ARM.Build.0 = Release|ARM
		{947EFE3F-A031-416F-B150-13956E11A3CC}.Release|ARM.Deploy.0 = Release|ARM
		{947EFE3F-A031-416F-B150-13956E11A3CC}.Release|iPhone.ActiveCfg = Release|Any CPU
		{947EFE3F-A031-416F-B150-13956E11A3CC}.Release|iPhone.Build.0 = Release|Any CPU
		{947EFE3F-A031-416F-B150-13956E11A3CC}.Release|iPhone.Deploy.0 = Release|Any CPU
		{947EFE3F-A031-416F-B150-13956E11A3CC}.Release|iPhoneSimulator.ActiveCfg = Release|Any CPU
		{947EFE3F-A031-416F-B150-13956E11A3CC}.Release|iPhoneSimulator.Build.0 = Release|Any CPU
		{947EFE3F-A031-416F-B150-13956E11A3CC}.Release|iPhoneSimulator.Deploy.0 = Release|Any CPU
		{947EFE3F-A031-416F-B150-13956E11A3CC}.Release|x64.ActiveCfg = Release|x64
		{947EFE3F-A031-416F-B150-13956E11A3CC}.Release|x64.Build.0 = Release|x64
		{947EFE3F-A031-416F-B150-13956E11A3CC}.Release|x64.Deploy.0 = Release|x64
		{947EFE3F-A031-416F-B150-13956E11A3CC}.Release|x86.ActiveCfg = Release|x86
		{947EFE3F-A031-416F-B150-13956E11A3CC}.Release|x86.Build.0 = Release|x86
		{947EFE3F-A031-416F-B150-13956E11A3CC}.Release|x86.Deploy.0 = Release|x86
		{3BEBF3C3-4F13-4718-BA9D-197B724FBAAF}.Ad-Hoc|Any CPU.ActiveCfg = Release|Any CPU
		{3BEBF3C3-4F13-4718-BA9D-197B724FBAAF}.Ad-Hoc|Any CPU.Build.0 = Release|Any CPU
		{3BEBF3C3-4F13-4718-BA9D-197B724FBAAF}.Ad-Hoc|ARM.ActiveCfg = Release|Any CPU
		{3BEBF3C3-4F13-4718-BA9D-197B724FBAAF}.Ad-Hoc|ARM.Build.0 = Release|Any CPU
		{3BEBF3C3-4F13-4718-BA9D-197B724FBAAF}.Ad-Hoc|iPhone.ActiveCfg = Release|Any CPU
		{3BEBF3C3-4F13-4718-BA9D-197B724FBAAF}.Ad-Hoc|iPhone.Build.0 = Release|Any CPU
		{3BEBF3C3-4F13-4718-BA9D-197B724FBAAF}.Ad-Hoc|iPhoneSimulator.ActiveCfg = Release|Any CPU
		{3BEBF3C3-4F13-4718-BA9D-197B724FBAAF}.Ad-Hoc|iPhoneSimulator.Build.0 = Release|Any CPU
		{3BEBF3C3-4F13-4718-BA9D-197B724FBAAF}.Ad-Hoc|x64.ActiveCfg = Release|Any CPU
		{3BEBF3C3-4F13-4718-BA9D-197B724FBAAF}.Ad-Hoc|x64.Build.0 = Release|Any CPU
		{3BEBF3C3-4F13-4718-BA9D-197B724FBAAF}.Ad-Hoc|x86.ActiveCfg = Release|Any CPU
		{3BEBF3C3-4F13-4718-BA9D-197B724FBAAF}.Ad-Hoc|x86.Build.0 = Release|Any CPU
		{3BEBF3C3-4F13-4718-BA9D-197B724FBAAF}.AppStore|Any CPU.ActiveCfg = Release|Any CPU
		{3BEBF3C3-4F13-4718-BA9D-197B724FBAAF}.AppStore|Any CPU.Build.0 = Release|Any CPU
		{3BEBF3C3-4F13-4718-BA9D-197B724FBAAF}.AppStore|ARM.ActiveCfg = Release|Any CPU
		{3BEBF3C3-4F13-4718-BA9D-197B724FBAAF}.AppStore|ARM.Build.0 = Release|Any CPU
		{3BEBF3C3-4F13-4718-BA9D-197B724FBAAF}.AppStore|iPhone.ActiveCfg = Release|Any CPU
		{3BEBF3C3-4F13-4718-BA9D-197B724FBAAF}.AppStore|iPhone.Build.0 = Release|Any CPU
		{3BEBF3C3-4F13-4718-BA9D-197B724FBAAF}.AppStore|iPhoneSimulator.ActiveCfg = Release|Any CPU
		{3BEBF3C3-4F13-4718-BA9D-197B724FBAAF}.AppStore|iPhoneSimulator.Build.0 = Release|Any CPU
		{3BEBF3C3-4F13-4718-BA9D-197B724FBAAF}.AppStore|x64.ActiveCfg = Release|Any CPU
		{3BEBF3C3-4F13-4718-BA9D-197B724FBAAF}.AppStore|x64.Build.0 = Release|Any CPU
		{3BEBF3C3-4F13-4718-BA9D-197B724FBAAF}.AppStore|x86.ActiveCfg = Release|Any CPU
		{3BEBF3C3-4F13-4718-BA9D-197B724FBAAF}.AppStore|x86.Build.0 = Release|Any CPU
		{3BEBF3C3-4F13-4718-BA9D-197B724FBAAF}.Debug|Any CPU.ActiveCfg = Debug|Any CPU
		{3BEBF3C3-4F13-4718-BA9D-197B724FBAAF}.Debug|Any CPU.Build.0 = Debug|Any CPU
		{3BEBF3C3-4F13-4718-BA9D-197B724FBAAF}.Debug|ARM.ActiveCfg = Debug|Any CPU
		{3BEBF3C3-4F13-4718-BA9D-197B724FBAAF}.Debug|ARM.Build.0 = Debug|Any CPU
		{3BEBF3C3-4F13-4718-BA9D-197B724FBAAF}.Debug|iPhone.ActiveCfg = Debug|Any CPU
		{3BEBF3C3-4F13-4718-BA9D-197B724FBAAF}.Debug|iPhone.Build.0 = Debug|Any CPU
		{3BEBF3C3-4F13-4718-BA9D-197B724FBAAF}.Debug|iPhoneSimulator.ActiveCfg = Debug|Any CPU
		{3BEBF3C3-4F13-4718-BA9D-197B724FBAAF}.Debug|iPhoneSimulator.Build.0 = Debug|Any CPU
		{3BEBF3C3-4F13-4718-BA9D-197B724FBAAF}.Debug|x64.ActiveCfg = Debug|Any CPU
		{3BEBF3C3-4F13-4718-BA9D-197B724FBAAF}.Debug|x64.Build.0 = Debug|Any CPU
		{3BEBF3C3-4F13-4718-BA9D-197B724FBAAF}.Debug|x86.ActiveCfg = Debug|Any CPU
		{3BEBF3C3-4F13-4718-BA9D-197B724FBAAF}.Debug|x86.Build.0 = Debug|Any CPU
		{3BEBF3C3-4F13-4718-BA9D-197B724FBAAF}.Release|Any CPU.ActiveCfg = Release|Any CPU
		{3BEBF3C3-4F13-4718-BA9D-197B724FBAAF}.Release|Any CPU.Build.0 = Release|Any CPU
		{3BEBF3C3-4F13-4718-BA9D-197B724FBAAF}.Release|ARM.ActiveCfg = Release|Any CPU
		{3BEBF3C3-4F13-4718-BA9D-197B724FBAAF}.Release|ARM.Build.0 = Release|Any CPU
		{3BEBF3C3-4F13-4718-BA9D-197B724FBAAF}.Release|iPhone.ActiveCfg = Release|Any CPU
		{3BEBF3C3-4F13-4718-BA9D-197B724FBAAF}.Release|iPhone.Build.0 = Release|Any CPU
		{3BEBF3C3-4F13-4718-BA9D-197B724FBAAF}.Release|iPhoneSimulator.ActiveCfg = Release|Any CPU
		{3BEBF3C3-4F13-4718-BA9D-197B724FBAAF}.Release|iPhoneSimulator.Build.0 = Release|Any CPU
		{3BEBF3C3-4F13-4718-BA9D-197B724FBAAF}.Release|x64.ActiveCfg = Release|Any CPU
		{3BEBF3C3-4F13-4718-BA9D-197B724FBAAF}.Release|x64.Build.0 = Release|Any CPU
		{3BEBF3C3-4F13-4718-BA9D-197B724FBAAF}.Release|x86.ActiveCfg = Release|Any CPU
		{3BEBF3C3-4F13-4718-BA9D-197B724FBAAF}.Release|x86.Build.0 = Release|Any CPU
		{221DC281-F585-4C50-A2FE-749EC004508A}.Ad-Hoc|Any CPU.ActiveCfg = Release|Any CPU
		{221DC281-F585-4C50-A2FE-749EC004508A}.Ad-Hoc|Any CPU.Build.0 = Release|Any CPU
		{221DC281-F585-4C50-A2FE-749EC004508A}.Ad-Hoc|ARM.ActiveCfg = Release|Any CPU
		{221DC281-F585-4C50-A2FE-749EC004508A}.Ad-Hoc|ARM.Build.0 = Release|Any CPU
		{221DC281-F585-4C50-A2FE-749EC004508A}.Ad-Hoc|iPhone.ActiveCfg = Release|Any CPU
		{221DC281-F585-4C50-A2FE-749EC004508A}.Ad-Hoc|iPhone.Build.0 = Release|Any CPU
		{221DC281-F585-4C50-A2FE-749EC004508A}.Ad-Hoc|iPhoneSimulator.ActiveCfg = Release|Any CPU
		{221DC281-F585-4C50-A2FE-749EC004508A}.Ad-Hoc|iPhoneSimulator.Build.0 = Release|Any CPU
		{221DC281-F585-4C50-A2FE-749EC004508A}.Ad-Hoc|x64.ActiveCfg = Release|Any CPU
		{221DC281-F585-4C50-A2FE-749EC004508A}.Ad-Hoc|x64.Build.0 = Release|Any CPU
		{221DC281-F585-4C50-A2FE-749EC004508A}.Ad-Hoc|x86.ActiveCfg = Release|Any CPU
		{221DC281-F585-4C50-A2FE-749EC004508A}.Ad-Hoc|x86.Build.0 = Release|Any CPU
		{221DC281-F585-4C50-A2FE-749EC004508A}.AppStore|Any CPU.ActiveCfg = Release|Any CPU
		{221DC281-F585-4C50-A2FE-749EC004508A}.AppStore|Any CPU.Build.0 = Release|Any CPU
		{221DC281-F585-4C50-A2FE-749EC004508A}.AppStore|ARM.ActiveCfg = Release|Any CPU
		{221DC281-F585-4C50-A2FE-749EC004508A}.AppStore|ARM.Build.0 = Release|Any CPU
		{221DC281-F585-4C50-A2FE-749EC004508A}.AppStore|iPhone.ActiveCfg = Release|Any CPU
		{221DC281-F585-4C50-A2FE-749EC004508A}.AppStore|iPhone.Build.0 = Release|Any CPU
		{221DC281-F585-4C50-A2FE-749EC004508A}.AppStore|iPhoneSimulator.ActiveCfg = Release|Any CPU
		{221DC281-F585-4C50-A2FE-749EC004508A}.AppStore|iPhoneSimulator.Build.0 = Release|Any CPU
		{221DC281-F585-4C50-A2FE-749EC004508A}.AppStore|x64.ActiveCfg = Release|Any CPU
		{221DC281-F585-4C50-A2FE-749EC004508A}.AppStore|x64.Build.0 = Release|Any CPU
		{221DC281-F585-4C50-A2FE-749EC004508A}.AppStore|x86.ActiveCfg = Release|Any CPU
		{221DC281-F585-4C50-A2FE-749EC004508A}.AppStore|x86.Build.0 = Release|Any CPU
		{221DC281-F585-4C50-A2FE-749EC004508A}.Debug|Any CPU.ActiveCfg = Debug|Any CPU
		{221DC281-F585-4C50-A2FE-749EC004508A}.Debug|Any CPU.Build.0 = Debug|Any CPU
		{221DC281-F585-4C50-A2FE-749EC004508A}.Debug|ARM.ActiveCfg = Debug|Any CPU
		{221DC281-F585-4C50-A2FE-749EC004508A}.Debug|ARM.Build.0 = Debug|Any CPU
		{221DC281-F585-4C50-A2FE-749EC004508A}.Debug|iPhone.ActiveCfg = Debug|Any CPU
		{221DC281-F585-4C50-A2FE-749EC004508A}.Debug|iPhone.Build.0 = Debug|Any CPU
		{221DC281-F585-4C50-A2FE-749EC004508A}.Debug|iPhoneSimulator.ActiveCfg = Debug|Any CPU
		{221DC281-F585-4C50-A2FE-749EC004508A}.Debug|iPhoneSimulator.Build.0 = Debug|Any CPU
		{221DC281-F585-4C50-A2FE-749EC004508A}.Debug|x64.ActiveCfg = Debug|Any CPU
		{221DC281-F585-4C50-A2FE-749EC004508A}.Debug|x64.Build.0 = Debug|Any CPU
		{221DC281-F585-4C50-A2FE-749EC004508A}.Debug|x86.ActiveCfg = Debug|Any CPU
		{221DC281-F585-4C50-A2FE-749EC004508A}.Debug|x86.Build.0 = Debug|Any CPU
		{221DC281-F585-4C50-A2FE-749EC004508A}.Release|Any CPU.ActiveCfg = Release|Any CPU
		{221DC281-F585-4C50-A2FE-749EC004508A}.Release|Any CPU.Build.0 = Release|Any CPU
		{221DC281-F585-4C50-A2FE-749EC004508A}.Release|ARM.ActiveCfg = Release|Any CPU
		{221DC281-F585-4C50-A2FE-749EC004508A}.Release|ARM.Build.0 = Release|Any CPU
		{221DC281-F585-4C50-A2FE-749EC004508A}.Release|iPhone.ActiveCfg = Release|Any CPU
		{221DC281-F585-4C50-A2FE-749EC004508A}.Release|iPhone.Build.0 = Release|Any CPU
		{221DC281-F585-4C50-A2FE-749EC004508A}.Release|iPhoneSimulator.ActiveCfg = Release|Any CPU
		{221DC281-F585-4C50-A2FE-749EC004508A}.Release|iPhoneSimulator.Build.0 = Release|Any CPU
		{221DC281-F585-4C50-A2FE-749EC004508A}.Release|x64.ActiveCfg = Release|Any CPU
		{221DC281-F585-4C50-A2FE-749EC004508A}.Release|x64.Build.0 = Release|Any CPU
		{221DC281-F585-4C50-A2FE-749EC004508A}.Release|x86.ActiveCfg = Release|Any CPU
		{221DC281-F585-4C50-A2FE-749EC004508A}.Release|x86.Build.0 = Release|Any CPU
		{272F8E2F-D94A-4607-8156-A6BD105869A9}.Ad-Hoc|Any CPU.ActiveCfg = Release|Any CPU
		{272F8E2F-D94A-4607-8156-A6BD105869A9}.Ad-Hoc|Any CPU.Build.0 = Release|Any CPU
		{272F8E2F-D94A-4607-8156-A6BD105869A9}.Ad-Hoc|ARM.ActiveCfg = Release|Any CPU
		{272F8E2F-D94A-4607-8156-A6BD105869A9}.Ad-Hoc|ARM.Build.0 = Release|Any CPU
		{272F8E2F-D94A-4607-8156-A6BD105869A9}.Ad-Hoc|iPhone.ActiveCfg = Release|Any CPU
		{272F8E2F-D94A-4607-8156-A6BD105869A9}.Ad-Hoc|iPhone.Build.0 = Release|Any CPU
		{272F8E2F-D94A-4607-8156-A6BD105869A9}.Ad-Hoc|iPhoneSimulator.ActiveCfg = Release|Any CPU
		{272F8E2F-D94A-4607-8156-A6BD105869A9}.Ad-Hoc|iPhoneSimulator.Build.0 = Release|Any CPU
		{272F8E2F-D94A-4607-8156-A6BD105869A9}.Ad-Hoc|x64.ActiveCfg = Release|Any CPU
		{272F8E2F-D94A-4607-8156-A6BD105869A9}.Ad-Hoc|x64.Build.0 = Release|Any CPU
		{272F8E2F-D94A-4607-8156-A6BD105869A9}.Ad-Hoc|x86.ActiveCfg = Release|Any CPU
		{272F8E2F-D94A-4607-8156-A6BD105869A9}.Ad-Hoc|x86.Build.0 = Release|Any CPU
		{272F8E2F-D94A-4607-8156-A6BD105869A9}.AppStore|Any CPU.ActiveCfg = Release|Any CPU
		{272F8E2F-D94A-4607-8156-A6BD105869A9}.AppStore|Any CPU.Build.0 = Release|Any CPU
		{272F8E2F-D94A-4607-8156-A6BD105869A9}.AppStore|ARM.ActiveCfg = Release|Any CPU
		{272F8E2F-D94A-4607-8156-A6BD105869A9}.AppStore|ARM.Build.0 = Release|Any CPU
		{272F8E2F-D94A-4607-8156-A6BD105869A9}.AppStore|iPhone.ActiveCfg = Release|Any CPU
		{272F8E2F-D94A-4607-8156-A6BD105869A9}.AppStore|iPhone.Build.0 = Release|Any CPU
		{272F8E2F-D94A-4607-8156-A6BD105869A9}.AppStore|iPhoneSimulator.ActiveCfg = Release|Any CPU
		{272F8E2F-D94A-4607-8156-A6BD105869A9}.AppStore|iPhoneSimulator.Build.0 = Release|Any CPU
		{272F8E2F-D94A-4607-8156-A6BD105869A9}.AppStore|x64.ActiveCfg = Release|Any CPU
		{272F8E2F-D94A-4607-8156-A6BD105869A9}.AppStore|x64.Build.0 = Release|Any CPU
		{272F8E2F-D94A-4607-8156-A6BD105869A9}.AppStore|x86.ActiveCfg = Release|Any CPU
		{272F8E2F-D94A-4607-8156-A6BD105869A9}.AppStore|x86.Build.0 = Release|Any CPU
		{272F8E2F-D94A-4607-8156-A6BD105869A9}.Debug|Any CPU.ActiveCfg = Debug|Any CPU
		{272F8E2F-D94A-4607-8156-A6BD105869A9}.Debug|Any CPU.Build.0 = Debug|Any CPU
		{272F8E2F-D94A-4607-8156-A6BD105869A9}.Debug|ARM.ActiveCfg = Debug|Any CPU
		{272F8E2F-D94A-4607-8156-A6BD105869A9}.Debug|ARM.Build.0 = Debug|Any CPU
		{272F8E2F-D94A-4607-8156-A6BD105869A9}.Debug|iPhone.ActiveCfg = Debug|Any CPU
		{272F8E2F-D94A-4607-8156-A6BD105869A9}.Debug|iPhone.Build.0 = Debug|Any CPU
		{272F8E2F-D94A-4607-8156-A6BD105869A9}.Debug|iPhoneSimulator.ActiveCfg = Debug|Any CPU
		{272F8E2F-D94A-4607-8156-A6BD105869A9}.Debug|iPhoneSimulator.Build.0 = Debug|Any CPU
		{272F8E2F-D94A-4607-8156-A6BD105869A9}.Debug|x64.ActiveCfg = Debug|Any CPU
		{272F8E2F-D94A-4607-8156-A6BD105869A9}.Debug|x64.Build.0 = Debug|Any CPU
		{272F8E2F-D94A-4607-8156-A6BD105869A9}.Debug|x86.ActiveCfg = Debug|Any CPU
		{272F8E2F-D94A-4607-8156-A6BD105869A9}.Debug|x86.Build.0 = Debug|Any CPU
		{272F8E2F-D94A-4607-8156-A6BD105869A9}.Release|Any CPU.ActiveCfg = Release|Any CPU
		{272F8E2F-D94A-4607-8156-A6BD105869A9}.Release|Any CPU.Build.0 = Release|Any CPU
		{272F8E2F-D94A-4607-8156-A6BD105869A9}.Release|ARM.ActiveCfg = Release|Any CPU
		{272F8E2F-D94A-4607-8156-A6BD105869A9}.Release|ARM.Build.0 = Release|Any CPU
		{272F8E2F-D94A-4607-8156-A6BD105869A9}.Release|iPhone.ActiveCfg = Release|Any CPU
		{272F8E2F-D94A-4607-8156-A6BD105869A9}.Release|iPhone.Build.0 = Release|Any CPU
		{272F8E2F-D94A-4607-8156-A6BD105869A9}.Release|iPhoneSimulator.ActiveCfg = Release|Any CPU
		{272F8E2F-D94A-4607-8156-A6BD105869A9}.Release|iPhoneSimulator.Build.0 = Release|Any CPU
		{272F8E2F-D94A-4607-8156-A6BD105869A9}.Release|x64.ActiveCfg = Release|Any CPU
		{272F8E2F-D94A-4607-8156-A6BD105869A9}.Release|x64.Build.0 = Release|Any CPU
		{272F8E2F-D94A-4607-8156-A6BD105869A9}.Release|x86.ActiveCfg = Release|Any CPU
		{272F8E2F-D94A-4607-8156-A6BD105869A9}.Release|x86.Build.0 = Release|Any CPU
		{DFAAE399-01D5-455A-B85C-16B6F30419A4}.Ad-Hoc|Any CPU.ActiveCfg = Release|Any CPU
		{DFAAE399-01D5-455A-B85C-16B6F30419A4}.Ad-Hoc|Any CPU.Build.0 = Release|Any CPU
		{DFAAE399-01D5-455A-B85C-16B6F30419A4}.Ad-Hoc|ARM.ActiveCfg = Release|Any CPU
		{DFAAE399-01D5-455A-B85C-16B6F30419A4}.Ad-Hoc|ARM.Build.0 = Release|Any CPU
		{DFAAE399-01D5-455A-B85C-16B6F30419A4}.Ad-Hoc|iPhone.ActiveCfg = Release|Any CPU
		{DFAAE399-01D5-455A-B85C-16B6F30419A4}.Ad-Hoc|iPhone.Build.0 = Release|Any CPU
		{DFAAE399-01D5-455A-B85C-16B6F30419A4}.Ad-Hoc|iPhoneSimulator.ActiveCfg = Release|Any CPU
		{DFAAE399-01D5-455A-B85C-16B6F30419A4}.Ad-Hoc|iPhoneSimulator.Build.0 = Release|Any CPU
		{DFAAE399-01D5-455A-B85C-16B6F30419A4}.Ad-Hoc|x64.ActiveCfg = Release|Any CPU
		{DFAAE399-01D5-455A-B85C-16B6F30419A4}.Ad-Hoc|x64.Build.0 = Release|Any CPU
		{DFAAE399-01D5-455A-B85C-16B6F30419A4}.Ad-Hoc|x86.ActiveCfg = Release|Any CPU
		{DFAAE399-01D5-455A-B85C-16B6F30419A4}.Ad-Hoc|x86.Build.0 = Release|Any CPU
		{DFAAE399-01D5-455A-B85C-16B6F30419A4}.AppStore|Any CPU.ActiveCfg = Release|Any CPU
		{DFAAE399-01D5-455A-B85C-16B6F30419A4}.AppStore|Any CPU.Build.0 = Release|Any CPU
		{DFAAE399-01D5-455A-B85C-16B6F30419A4}.AppStore|ARM.ActiveCfg = Release|Any CPU
		{DFAAE399-01D5-455A-B85C-16B6F30419A4}.AppStore|ARM.Build.0 = Release|Any CPU
		{DFAAE399-01D5-455A-B85C-16B6F30419A4}.AppStore|iPhone.ActiveCfg = Release|Any CPU
		{DFAAE399-01D5-455A-B85C-16B6F30419A4}.AppStore|iPhone.Build.0 = Release|Any CPU
		{DFAAE399-01D5-455A-B85C-16B6F30419A4}.AppStore|iPhoneSimulator.ActiveCfg = Release|Any CPU
		{DFAAE399-01D5-455A-B85C-16B6F30419A4}.AppStore|iPhoneSimulator.Build.0 = Release|Any CPU
		{DFAAE399-01D5-455A-B85C-16B6F30419A4}.AppStore|x64.ActiveCfg = Release|Any CPU
		{DFAAE399-01D5-455A-B85C-16B6F30419A4}.AppStore|x64.Build.0 = Release|Any CPU
		{DFAAE399-01D5-455A-B85C-16B6F30419A4}.AppStore|x86.ActiveCfg = Release|Any CPU
		{DFAAE399-01D5-455A-B85C-16B6F30419A4}.AppStore|x86.Build.0 = Release|Any CPU
		{DFAAE399-01D5-455A-B85C-16B6F30419A4}.Debug|Any CPU.ActiveCfg = Debug|Any CPU
		{DFAAE399-01D5-455A-B85C-16B6F30419A4}.Debug|Any CPU.Build.0 = Debug|Any CPU
		{DFAAE399-01D5-455A-B85C-16B6F30419A4}.Debug|ARM.ActiveCfg = Debug|Any CPU
		{DFAAE399-01D5-455A-B85C-16B6F30419A4}.Debug|ARM.Build.0 = Debug|Any CPU
		{DFAAE399-01D5-455A-B85C-16B6F30419A4}.Debug|iPhone.ActiveCfg = Debug|Any CPU
		{DFAAE399-01D5-455A-B85C-16B6F30419A4}.Debug|iPhone.Build.0 = Debug|Any CPU
		{DFAAE399-01D5-455A-B85C-16B6F30419A4}.Debug|iPhoneSimulator.ActiveCfg = Debug|Any CPU
		{DFAAE399-01D5-455A-B85C-16B6F30419A4}.Debug|iPhoneSimulator.Build.0 = Debug|Any CPU
		{DFAAE399-01D5-455A-B85C-16B6F30419A4}.Debug|x64.ActiveCfg = Debug|Any CPU
		{DFAAE399-01D5-455A-B85C-16B6F30419A4}.Debug|x64.Build.0 = Debug|Any CPU
		{DFAAE399-01D5-455A-B85C-16B6F30419A4}.Debug|x86.ActiveCfg = Debug|Any CPU
		{DFAAE399-01D5-455A-B85C-16B6F30419A4}.Debug|x86.Build.0 = Debug|Any CPU
		{DFAAE399-01D5-455A-B85C-16B6F30419A4}.Release|Any CPU.ActiveCfg = Release|Any CPU
		{DFAAE399-01D5-455A-B85C-16B6F30419A4}.Release|Any CPU.Build.0 = Release|Any CPU
		{DFAAE399-01D5-455A-B85C-16B6F30419A4}.Release|ARM.ActiveCfg = Release|Any CPU
		{DFAAE399-01D5-455A-B85C-16B6F30419A4}.Release|ARM.Build.0 = Release|Any CPU
		{DFAAE399-01D5-455A-B85C-16B6F30419A4}.Release|iPhone.ActiveCfg = Release|Any CPU
		{DFAAE399-01D5-455A-B85C-16B6F30419A4}.Release|iPhone.Build.0 = Release|Any CPU
		{DFAAE399-01D5-455A-B85C-16B6F30419A4}.Release|iPhoneSimulator.ActiveCfg = Release|Any CPU
		{DFAAE399-01D5-455A-B85C-16B6F30419A4}.Release|iPhoneSimulator.Build.0 = Release|Any CPU
		{DFAAE399-01D5-455A-B85C-16B6F30419A4}.Release|x64.ActiveCfg = Release|Any CPU
		{DFAAE399-01D5-455A-B85C-16B6F30419A4}.Release|x64.Build.0 = Release|Any CPU
		{DFAAE399-01D5-455A-B85C-16B6F30419A4}.Release|x86.ActiveCfg = Release|Any CPU
		{DFAAE399-01D5-455A-B85C-16B6F30419A4}.Release|x86.Build.0 = Release|Any CPU
		{73FFCD9E-4E52-41DE-93D4-76979E728C2C}.Ad-Hoc|Any CPU.ActiveCfg = Release|Any CPU
		{73FFCD9E-4E52-41DE-93D4-76979E728C2C}.Ad-Hoc|Any CPU.Build.0 = Release|Any CPU
		{73FFCD9E-4E52-41DE-93D4-76979E728C2C}.Ad-Hoc|ARM.ActiveCfg = Release|Any CPU
		{73FFCD9E-4E52-41DE-93D4-76979E728C2C}.Ad-Hoc|ARM.Build.0 = Release|Any CPU
		{73FFCD9E-4E52-41DE-93D4-76979E728C2C}.Ad-Hoc|iPhone.ActiveCfg = Release|Any CPU
		{73FFCD9E-4E52-41DE-93D4-76979E728C2C}.Ad-Hoc|iPhone.Build.0 = Release|Any CPU
		{73FFCD9E-4E52-41DE-93D4-76979E728C2C}.Ad-Hoc|iPhoneSimulator.ActiveCfg = Release|Any CPU
		{73FFCD9E-4E52-41DE-93D4-76979E728C2C}.Ad-Hoc|iPhoneSimulator.Build.0 = Release|Any CPU
		{73FFCD9E-4E52-41DE-93D4-76979E728C2C}.Ad-Hoc|x64.ActiveCfg = Release|Any CPU
		{73FFCD9E-4E52-41DE-93D4-76979E728C2C}.Ad-Hoc|x64.Build.0 = Release|Any CPU
		{73FFCD9E-4E52-41DE-93D4-76979E728C2C}.Ad-Hoc|x86.ActiveCfg = Release|Any CPU
		{73FFCD9E-4E52-41DE-93D4-76979E728C2C}.Ad-Hoc|x86.Build.0 = Release|Any CPU
		{73FFCD9E-4E52-41DE-93D4-76979E728C2C}.AppStore|Any CPU.ActiveCfg = Release|Any CPU
		{73FFCD9E-4E52-41DE-93D4-76979E728C2C}.AppStore|Any CPU.Build.0 = Release|Any CPU
		{73FFCD9E-4E52-41DE-93D4-76979E728C2C}.AppStore|ARM.ActiveCfg = Release|Any CPU
		{73FFCD9E-4E52-41DE-93D4-76979E728C2C}.AppStore|ARM.Build.0 = Release|Any CPU
		{73FFCD9E-4E52-41DE-93D4-76979E728C2C}.AppStore|iPhone.ActiveCfg = Release|Any CPU
		{73FFCD9E-4E52-41DE-93D4-76979E728C2C}.AppStore|iPhone.Build.0 = Release|Any CPU
		{73FFCD9E-4E52-41DE-93D4-76979E728C2C}.AppStore|iPhoneSimulator.ActiveCfg = Release|Any CPU
		{73FFCD9E-4E52-41DE-93D4-76979E728C2C}.AppStore|iPhoneSimulator.Build.0 = Release|Any CPU
		{73FFCD9E-4E52-41DE-93D4-76979E728C2C}.AppStore|x64.ActiveCfg = Release|Any CPU
		{73FFCD9E-4E52-41DE-93D4-76979E728C2C}.AppStore|x64.Build.0 = Release|Any CPU
		{73FFCD9E-4E52-41DE-93D4-76979E728C2C}.AppStore|x86.ActiveCfg = Release|Any CPU
		{73FFCD9E-4E52-41DE-93D4-76979E728C2C}.AppStore|x86.Build.0 = Release|Any CPU
		{73FFCD9E-4E52-41DE-93D4-76979E728C2C}.Debug|Any CPU.ActiveCfg = Debug|Any CPU
		{73FFCD9E-4E52-41DE-93D4-76979E728C2C}.Debug|Any CPU.Build.0 = Debug|Any CPU
		{73FFCD9E-4E52-41DE-93D4-76979E728C2C}.Debug|ARM.ActiveCfg = Debug|Any CPU
		{73FFCD9E-4E52-41DE-93D4-76979E728C2C}.Debug|ARM.Build.0 = Debug|Any CPU
		{73FFCD9E-4E52-41DE-93D4-76979E728C2C}.Debug|iPhone.ActiveCfg = Debug|Any CPU
		{73FFCD9E-4E52-41DE-93D4-76979E728C2C}.Debug|iPhone.Build.0 = Debug|Any CPU
		{73FFCD9E-4E52-41DE-93D4-76979E728C2C}.Debug|iPhoneSimulator.ActiveCfg = Debug|Any CPU
		{73FFCD9E-4E52-41DE-93D4-76979E728C2C}.Debug|iPhoneSimulator.Build.0 = Debug|Any CPU
		{73FFCD9E-4E52-41DE-93D4-76979E728C2C}.Debug|x64.ActiveCfg = Debug|Any CPU
		{73FFCD9E-4E52-41DE-93D4-76979E728C2C}.Debug|x64.Build.0 = Debug|Any CPU
		{73FFCD9E-4E52-41DE-93D4-76979E728C2C}.Debug|x86.ActiveCfg = Debug|Any CPU
		{73FFCD9E-4E52-41DE-93D4-76979E728C2C}.Debug|x86.Build.0 = Debug|Any CPU
		{73FFCD9E-4E52-41DE-93D4-76979E728C2C}.Release|Any CPU.ActiveCfg = Release|Any CPU
		{73FFCD9E-4E52-41DE-93D4-76979E728C2C}.Release|Any CPU.Build.0 = Release|Any CPU
		{73FFCD9E-4E52-41DE-93D4-76979E728C2C}.Release|ARM.ActiveCfg = Release|Any CPU
		{73FFCD9E-4E52-41DE-93D4-76979E728C2C}.Release|ARM.Build.0 = Release|Any CPU
		{73FFCD9E-4E52-41DE-93D4-76979E728C2C}.Release|iPhone.ActiveCfg = Release|Any CPU
		{73FFCD9E-4E52-41DE-93D4-76979E728C2C}.Release|iPhone.Build.0 = Release|Any CPU
		{73FFCD9E-4E52-41DE-93D4-76979E728C2C}.Release|iPhoneSimulator.ActiveCfg = Release|Any CPU
		{73FFCD9E-4E52-41DE-93D4-76979E728C2C}.Release|iPhoneSimulator.Build.0 = Release|Any CPU
		{73FFCD9E-4E52-41DE-93D4-76979E728C2C}.Release|x64.ActiveCfg = Release|Any CPU
		{73FFCD9E-4E52-41DE-93D4-76979E728C2C}.Release|x64.Build.0 = Release|Any CPU
		{73FFCD9E-4E52-41DE-93D4-76979E728C2C}.Release|x86.ActiveCfg = Release|Any CPU
		{73FFCD9E-4E52-41DE-93D4-76979E728C2C}.Release|x86.Build.0 = Release|Any CPU
		{2BA64741-50FF-414C-B8FA-496EEBB77228}.Ad-Hoc|Any CPU.ActiveCfg = Release|Any CPU
		{2BA64741-50FF-414C-B8FA-496EEBB77228}.Ad-Hoc|Any CPU.Build.0 = Release|Any CPU
		{2BA64741-50FF-414C-B8FA-496EEBB77228}.Ad-Hoc|ARM.ActiveCfg = Release|Any CPU
		{2BA64741-50FF-414C-B8FA-496EEBB77228}.Ad-Hoc|ARM.Build.0 = Release|Any CPU
		{2BA64741-50FF-414C-B8FA-496EEBB77228}.Ad-Hoc|iPhone.ActiveCfg = Release|Any CPU
		{2BA64741-50FF-414C-B8FA-496EEBB77228}.Ad-Hoc|iPhone.Build.0 = Release|Any CPU
		{2BA64741-50FF-414C-B8FA-496EEBB77228}.Ad-Hoc|iPhoneSimulator.ActiveCfg = Release|Any CPU
		{2BA64741-50FF-414C-B8FA-496EEBB77228}.Ad-Hoc|iPhoneSimulator.Build.0 = Release|Any CPU
		{2BA64741-50FF-414C-B8FA-496EEBB77228}.Ad-Hoc|x64.ActiveCfg = Release|Any CPU
		{2BA64741-50FF-414C-B8FA-496EEBB77228}.Ad-Hoc|x64.Build.0 = Release|Any CPU
		{2BA64741-50FF-414C-B8FA-496EEBB77228}.Ad-Hoc|x86.ActiveCfg = Release|Any CPU
		{2BA64741-50FF-414C-B8FA-496EEBB77228}.Ad-Hoc|x86.Build.0 = Release|Any CPU
		{2BA64741-50FF-414C-B8FA-496EEBB77228}.AppStore|Any CPU.ActiveCfg = Release|Any CPU
		{2BA64741-50FF-414C-B8FA-496EEBB77228}.AppStore|Any CPU.Build.0 = Release|Any CPU
		{2BA64741-50FF-414C-B8FA-496EEBB77228}.AppStore|ARM.ActiveCfg = Release|Any CPU
		{2BA64741-50FF-414C-B8FA-496EEBB77228}.AppStore|ARM.Build.0 = Release|Any CPU
		{2BA64741-50FF-414C-B8FA-496EEBB77228}.AppStore|iPhone.ActiveCfg = Release|Any CPU
		{2BA64741-50FF-414C-B8FA-496EEBB77228}.AppStore|iPhone.Build.0 = Release|Any CPU
		{2BA64741-50FF-414C-B8FA-496EEBB77228}.AppStore|iPhoneSimulator.ActiveCfg = Release|Any CPU
		{2BA64741-50FF-414C-B8FA-496EEBB77228}.AppStore|iPhoneSimulator.Build.0 = Release|Any CPU
		{2BA64741-50FF-414C-B8FA-496EEBB77228}.AppStore|x64.ActiveCfg = Release|Any CPU
		{2BA64741-50FF-414C-B8FA-496EEBB77228}.AppStore|x64.Build.0 = Release|Any CPU
		{2BA64741-50FF-414C-B8FA-496EEBB77228}.AppStore|x86.ActiveCfg = Release|Any CPU
		{2BA64741-50FF-414C-B8FA-496EEBB77228}.AppStore|x86.Build.0 = Release|Any CPU
		{2BA64741-50FF-414C-B8FA-496EEBB77228}.Debug|Any CPU.ActiveCfg = Debug|Any CPU
		{2BA64741-50FF-414C-B8FA-496EEBB77228}.Debug|Any CPU.Build.0 = Debug|Any CPU
		{2BA64741-50FF-414C-B8FA-496EEBB77228}.Debug|ARM.ActiveCfg = Debug|Any CPU
		{2BA64741-50FF-414C-B8FA-496EEBB77228}.Debug|ARM.Build.0 = Debug|Any CPU
		{2BA64741-50FF-414C-B8FA-496EEBB77228}.Debug|iPhone.ActiveCfg = Debug|Any CPU
		{2BA64741-50FF-414C-B8FA-496EEBB77228}.Debug|iPhone.Build.0 = Debug|Any CPU
		{2BA64741-50FF-414C-B8FA-496EEBB77228}.Debug|iPhoneSimulator.ActiveCfg = Debug|Any CPU
		{2BA64741-50FF-414C-B8FA-496EEBB77228}.Debug|iPhoneSimulator.Build.0 = Debug|Any CPU
		{2BA64741-50FF-414C-B8FA-496EEBB77228}.Debug|x64.ActiveCfg = Debug|Any CPU
		{2BA64741-50FF-414C-B8FA-496EEBB77228}.Debug|x64.Build.0 = Debug|Any CPU
		{2BA64741-50FF-414C-B8FA-496EEBB77228}.Debug|x86.ActiveCfg = Debug|Any CPU
		{2BA64741-50FF-414C-B8FA-496EEBB77228}.Debug|x86.Build.0 = Debug|Any CPU
		{2BA64741-50FF-414C-B8FA-496EEBB77228}.Release|Any CPU.ActiveCfg = Release|Any CPU
		{2BA64741-50FF-414C-B8FA-496EEBB77228}.Release|Any CPU.Build.0 = Release|Any CPU
		{2BA64741-50FF-414C-B8FA-496EEBB77228}.Release|ARM.ActiveCfg = Release|Any CPU
		{2BA64741-50FF-414C-B8FA-496EEBB77228}.Release|ARM.Build.0 = Release|Any CPU
		{2BA64741-50FF-414C-B8FA-496EEBB77228}.Release|iPhone.ActiveCfg = Release|Any CPU
		{2BA64741-50FF-414C-B8FA-496EEBB77228}.Release|iPhone.Build.0 = Release|Any CPU
		{2BA64741-50FF-414C-B8FA-496EEBB77228}.Release|iPhoneSimulator.ActiveCfg = Release|Any CPU
		{2BA64741-50FF-414C-B8FA-496EEBB77228}.Release|iPhoneSimulator.Build.0 = Release|Any CPU
		{2BA64741-50FF-414C-B8FA-496EEBB77228}.Release|x64.ActiveCfg = Release|Any CPU
		{2BA64741-50FF-414C-B8FA-496EEBB77228}.Release|x64.Build.0 = Release|Any CPU
		{2BA64741-50FF-414C-B8FA-496EEBB77228}.Release|x86.ActiveCfg = Release|Any CPU
		{2BA64741-50FF-414C-B8FA-496EEBB77228}.Release|x86.Build.0 = Release|Any CPU
		{EFA65FDF-ACB4-4F54-9903-598CE7362275}.Ad-Hoc|Any CPU.ActiveCfg = Release|Any CPU
		{EFA65FDF-ACB4-4F54-9903-598CE7362275}.Ad-Hoc|Any CPU.Build.0 = Release|Any CPU
		{EFA65FDF-ACB4-4F54-9903-598CE7362275}.Ad-Hoc|ARM.ActiveCfg = Release|Any CPU
		{EFA65FDF-ACB4-4F54-9903-598CE7362275}.Ad-Hoc|ARM.Build.0 = Release|Any CPU
		{EFA65FDF-ACB4-4F54-9903-598CE7362275}.Ad-Hoc|iPhone.ActiveCfg = Release|Any CPU
		{EFA65FDF-ACB4-4F54-9903-598CE7362275}.Ad-Hoc|iPhone.Build.0 = Release|Any CPU
		{EFA65FDF-ACB4-4F54-9903-598CE7362275}.Ad-Hoc|iPhoneSimulator.ActiveCfg = Release|Any CPU
		{EFA65FDF-ACB4-4F54-9903-598CE7362275}.Ad-Hoc|iPhoneSimulator.Build.0 = Release|Any CPU
		{EFA65FDF-ACB4-4F54-9903-598CE7362275}.Ad-Hoc|x64.ActiveCfg = Release|Any CPU
		{EFA65FDF-ACB4-4F54-9903-598CE7362275}.Ad-Hoc|x64.Build.0 = Release|Any CPU
		{EFA65FDF-ACB4-4F54-9903-598CE7362275}.Ad-Hoc|x86.ActiveCfg = Release|Any CPU
		{EFA65FDF-ACB4-4F54-9903-598CE7362275}.Ad-Hoc|x86.Build.0 = Release|Any CPU
		{EFA65FDF-ACB4-4F54-9903-598CE7362275}.AppStore|Any CPU.ActiveCfg = Release|Any CPU
		{EFA65FDF-ACB4-4F54-9903-598CE7362275}.AppStore|Any CPU.Build.0 = Release|Any CPU
		{EFA65FDF-ACB4-4F54-9903-598CE7362275}.AppStore|ARM.ActiveCfg = Release|Any CPU
		{EFA65FDF-ACB4-4F54-9903-598CE7362275}.AppStore|ARM.Build.0 = Release|Any CPU
		{EFA65FDF-ACB4-4F54-9903-598CE7362275}.AppStore|iPhone.ActiveCfg = Release|Any CPU
		{EFA65FDF-ACB4-4F54-9903-598CE7362275}.AppStore|iPhone.Build.0 = Release|Any CPU
		{EFA65FDF-ACB4-4F54-9903-598CE7362275}.AppStore|iPhoneSimulator.ActiveCfg = Release|Any CPU
		{EFA65FDF-ACB4-4F54-9903-598CE7362275}.AppStore|iPhoneSimulator.Build.0 = Release|Any CPU
		{EFA65FDF-ACB4-4F54-9903-598CE7362275}.AppStore|x64.ActiveCfg = Release|Any CPU
		{EFA65FDF-ACB4-4F54-9903-598CE7362275}.AppStore|x64.Build.0 = Release|Any CPU
		{EFA65FDF-ACB4-4F54-9903-598CE7362275}.AppStore|x86.ActiveCfg = Release|Any CPU
		{EFA65FDF-ACB4-4F54-9903-598CE7362275}.AppStore|x86.Build.0 = Release|Any CPU
		{EFA65FDF-ACB4-4F54-9903-598CE7362275}.Debug|Any CPU.ActiveCfg = Debug|Any CPU
		{EFA65FDF-ACB4-4F54-9903-598CE7362275}.Debug|Any CPU.Build.0 = Debug|Any CPU
		{EFA65FDF-ACB4-4F54-9903-598CE7362275}.Debug|ARM.ActiveCfg = Debug|Any CPU
		{EFA65FDF-ACB4-4F54-9903-598CE7362275}.Debug|ARM.Build.0 = Debug|Any CPU
		{EFA65FDF-ACB4-4F54-9903-598CE7362275}.Debug|iPhone.ActiveCfg = Debug|Any CPU
		{EFA65FDF-ACB4-4F54-9903-598CE7362275}.Debug|iPhone.Build.0 = Debug|Any CPU
		{EFA65FDF-ACB4-4F54-9903-598CE7362275}.Debug|iPhoneSimulator.ActiveCfg = Debug|Any CPU
		{EFA65FDF-ACB4-4F54-9903-598CE7362275}.Debug|iPhoneSimulator.Build.0 = Debug|Any CPU
		{EFA65FDF-ACB4-4F54-9903-598CE7362275}.Debug|x64.ActiveCfg = Debug|Any CPU
		{EFA65FDF-ACB4-4F54-9903-598CE7362275}.Debug|x64.Build.0 = Debug|Any CPU
		{EFA65FDF-ACB4-4F54-9903-598CE7362275}.Debug|x86.ActiveCfg = Debug|Any CPU
		{EFA65FDF-ACB4-4F54-9903-598CE7362275}.Debug|x86.Build.0 = Debug|Any CPU
		{EFA65FDF-ACB4-4F54-9903-598CE7362275}.Release|Any CPU.ActiveCfg = Release|Any CPU
		{EFA65FDF-ACB4-4F54-9903-598CE7362275}.Release|Any CPU.Build.0 = Release|Any CPU
		{EFA65FDF-ACB4-4F54-9903-598CE7362275}.Release|ARM.ActiveCfg = Release|Any CPU
		{EFA65FDF-ACB4-4F54-9903-598CE7362275}.Release|ARM.Build.0 = Release|Any CPU
		{EFA65FDF-ACB4-4F54-9903-598CE7362275}.Release|iPhone.ActiveCfg = Release|Any CPU
		{EFA65FDF-ACB4-4F54-9903-598CE7362275}.Release|iPhone.Build.0 = Release|Any CPU
		{EFA65FDF-ACB4-4F54-9903-598CE7362275}.Release|iPhoneSimulator.ActiveCfg = Release|Any CPU
		{EFA65FDF-ACB4-4F54-9903-598CE7362275}.Release|iPhoneSimulator.Build.0 = Release|Any CPU
		{EFA65FDF-ACB4-4F54-9903-598CE7362275}.Release|x64.ActiveCfg = Release|Any CPU
		{EFA65FDF-ACB4-4F54-9903-598CE7362275}.Release|x64.Build.0 = Release|Any CPU
		{EFA65FDF-ACB4-4F54-9903-598CE7362275}.Release|x86.ActiveCfg = Release|Any CPU
		{EFA65FDF-ACB4-4F54-9903-598CE7362275}.Release|x86.Build.0 = Release|Any CPU
		{62999427-44F5-443E-AE91-91C341ACF226}.Ad-Hoc|Any CPU.ActiveCfg = Release|Any CPU
		{62999427-44F5-443E-AE91-91C341ACF226}.Ad-Hoc|Any CPU.Build.0 = Release|Any CPU
		{62999427-44F5-443E-AE91-91C341ACF226}.Ad-Hoc|ARM.ActiveCfg = Release|Any CPU
		{62999427-44F5-443E-AE91-91C341ACF226}.Ad-Hoc|ARM.Build.0 = Release|Any CPU
		{62999427-44F5-443E-AE91-91C341ACF226}.Ad-Hoc|iPhone.ActiveCfg = Release|Any CPU
		{62999427-44F5-443E-AE91-91C341ACF226}.Ad-Hoc|iPhone.Build.0 = Release|Any CPU
		{62999427-44F5-443E-AE91-91C341ACF226}.Ad-Hoc|iPhoneSimulator.ActiveCfg = Release|Any CPU
		{62999427-44F5-443E-AE91-91C341ACF226}.Ad-Hoc|iPhoneSimulator.Build.0 = Release|Any CPU
		{62999427-44F5-443E-AE91-91C341ACF226}.Ad-Hoc|x64.ActiveCfg = Release|Any CPU
		{62999427-44F5-443E-AE91-91C341ACF226}.Ad-Hoc|x64.Build.0 = Release|Any CPU
		{62999427-44F5-443E-AE91-91C341ACF226}.Ad-Hoc|x86.ActiveCfg = Release|Any CPU
		{62999427-44F5-443E-AE91-91C341ACF226}.Ad-Hoc|x86.Build.0 = Release|Any CPU
		{62999427-44F5-443E-AE91-91C341ACF226}.AppStore|Any CPU.ActiveCfg = Release|Any CPU
		{62999427-44F5-443E-AE91-91C341ACF226}.AppStore|Any CPU.Build.0 = Release|Any CPU
		{62999427-44F5-443E-AE91-91C341ACF226}.AppStore|ARM.ActiveCfg = Release|Any CPU
		{62999427-44F5-443E-AE91-91C341ACF226}.AppStore|ARM.Build.0 = Release|Any CPU
		{62999427-44F5-443E-AE91-91C341ACF226}.AppStore|iPhone.ActiveCfg = Release|Any CPU
		{62999427-44F5-443E-AE91-91C341ACF226}.AppStore|iPhone.Build.0 = Release|Any CPU
		{62999427-44F5-443E-AE91-91C341ACF226}.AppStore|iPhoneSimulator.ActiveCfg = Release|Any CPU
		{62999427-44F5-443E-AE91-91C341ACF226}.AppStore|iPhoneSimulator.Build.0 = Release|Any CPU
		{62999427-44F5-443E-AE91-91C341ACF226}.AppStore|x64.ActiveCfg = Release|Any CPU
		{62999427-44F5-443E-AE91-91C341ACF226}.AppStore|x64.Build.0 = Release|Any CPU
		{62999427-44F5-443E-AE91-91C341ACF226}.AppStore|x86.ActiveCfg = Release|Any CPU
		{62999427-44F5-443E-AE91-91C341ACF226}.AppStore|x86.Build.0 = Release|Any CPU
		{62999427-44F5-443E-AE91-91C341ACF226}.Debug|Any CPU.ActiveCfg = Debug|Any CPU
		{62999427-44F5-443E-AE91-91C341ACF226}.Debug|Any CPU.Build.0 = Debug|Any CPU
		{62999427-44F5-443E-AE91-91C341ACF226}.Debug|ARM.ActiveCfg = Debug|Any CPU
		{62999427-44F5-443E-AE91-91C341ACF226}.Debug|ARM.Build.0 = Debug|Any CPU
		{62999427-44F5-443E-AE91-91C341ACF226}.Debug|iPhone.ActiveCfg = Debug|Any CPU
		{62999427-44F5-443E-AE91-91C341ACF226}.Debug|iPhone.Build.0 = Debug|Any CPU
		{62999427-44F5-443E-AE91-91C341ACF226}.Debug|iPhoneSimulator.ActiveCfg = Debug|Any CPU
		{62999427-44F5-443E-AE91-91C341ACF226}.Debug|iPhoneSimulator.Build.0 = Debug|Any CPU
		{62999427-44F5-443E-AE91-91C341ACF226}.Debug|x64.ActiveCfg = Debug|Any CPU
		{62999427-44F5-443E-AE91-91C341ACF226}.Debug|x64.Build.0 = Debug|Any CPU
		{62999427-44F5-443E-AE91-91C341ACF226}.Debug|x86.ActiveCfg = Debug|Any CPU
		{62999427-44F5-443E-AE91-91C341ACF226}.Debug|x86.Build.0 = Debug|Any CPU
		{62999427-44F5-443E-AE91-91C341ACF226}.Release|Any CPU.ActiveCfg = Release|Any CPU
		{62999427-44F5-443E-AE91-91C341ACF226}.Release|Any CPU.Build.0 = Release|Any CPU
		{62999427-44F5-443E-AE91-91C341ACF226}.Release|ARM.ActiveCfg = Release|Any CPU
		{62999427-44F5-443E-AE91-91C341ACF226}.Release|ARM.Build.0 = Release|Any CPU
		{62999427-44F5-443E-AE91-91C341ACF226}.Release|iPhone.ActiveCfg = Release|Any CPU
		{62999427-44F5-443E-AE91-91C341ACF226}.Release|iPhone.Build.0 = Release|Any CPU
		{62999427-44F5-443E-AE91-91C341ACF226}.Release|iPhoneSimulator.ActiveCfg = Release|Any CPU
		{62999427-44F5-443E-AE91-91C341ACF226}.Release|iPhoneSimulator.Build.0 = Release|Any CPU
		{62999427-44F5-443E-AE91-91C341ACF226}.Release|x64.ActiveCfg = Release|Any CPU
		{62999427-44F5-443E-AE91-91C341ACF226}.Release|x64.Build.0 = Release|Any CPU
		{62999427-44F5-443E-AE91-91C341ACF226}.Release|x86.ActiveCfg = Release|Any CPU
		{62999427-44F5-443E-AE91-91C341ACF226}.Release|x86.Build.0 = Release|Any CPU
		{ED4297DF-B5FB-4C31-9012-6B91B26B8CF5}.Ad-Hoc|Any CPU.ActiveCfg = Release|Any CPU
		{ED4297DF-B5FB-4C31-9012-6B91B26B8CF5}.Ad-Hoc|Any CPU.Build.0 = Release|Any CPU
		{ED4297DF-B5FB-4C31-9012-6B91B26B8CF5}.Ad-Hoc|ARM.ActiveCfg = Release|Any CPU
		{ED4297DF-B5FB-4C31-9012-6B91B26B8CF5}.Ad-Hoc|ARM.Build.0 = Release|Any CPU
		{ED4297DF-B5FB-4C31-9012-6B91B26B8CF5}.Ad-Hoc|iPhone.ActiveCfg = Release|Any CPU
		{ED4297DF-B5FB-4C31-9012-6B91B26B8CF5}.Ad-Hoc|iPhone.Build.0 = Release|Any CPU
		{ED4297DF-B5FB-4C31-9012-6B91B26B8CF5}.Ad-Hoc|iPhoneSimulator.ActiveCfg = Release|Any CPU
		{ED4297DF-B5FB-4C31-9012-6B91B26B8CF5}.Ad-Hoc|iPhoneSimulator.Build.0 = Release|Any CPU
		{ED4297DF-B5FB-4C31-9012-6B91B26B8CF5}.Ad-Hoc|x64.ActiveCfg = Release|Any CPU
		{ED4297DF-B5FB-4C31-9012-6B91B26B8CF5}.Ad-Hoc|x64.Build.0 = Release|Any CPU
		{ED4297DF-B5FB-4C31-9012-6B91B26B8CF5}.Ad-Hoc|x86.ActiveCfg = Release|Any CPU
		{ED4297DF-B5FB-4C31-9012-6B91B26B8CF5}.Ad-Hoc|x86.Build.0 = Release|Any CPU
		{ED4297DF-B5FB-4C31-9012-6B91B26B8CF5}.AppStore|Any CPU.ActiveCfg = Release|Any CPU
		{ED4297DF-B5FB-4C31-9012-6B91B26B8CF5}.AppStore|Any CPU.Build.0 = Release|Any CPU
		{ED4297DF-B5FB-4C31-9012-6B91B26B8CF5}.AppStore|ARM.ActiveCfg = Release|Any CPU
		{ED4297DF-B5FB-4C31-9012-6B91B26B8CF5}.AppStore|ARM.Build.0 = Release|Any CPU
		{ED4297DF-B5FB-4C31-9012-6B91B26B8CF5}.AppStore|iPhone.ActiveCfg = Release|Any CPU
		{ED4297DF-B5FB-4C31-9012-6B91B26B8CF5}.AppStore|iPhone.Build.0 = Release|Any CPU
		{ED4297DF-B5FB-4C31-9012-6B91B26B8CF5}.AppStore|iPhoneSimulator.ActiveCfg = Release|Any CPU
		{ED4297DF-B5FB-4C31-9012-6B91B26B8CF5}.AppStore|iPhoneSimulator.Build.0 = Release|Any CPU
		{ED4297DF-B5FB-4C31-9012-6B91B26B8CF5}.AppStore|x64.ActiveCfg = Release|Any CPU
		{ED4297DF-B5FB-4C31-9012-6B91B26B8CF5}.AppStore|x64.Build.0 = Release|Any CPU
		{ED4297DF-B5FB-4C31-9012-6B91B26B8CF5}.AppStore|x86.ActiveCfg = Release|Any CPU
		{ED4297DF-B5FB-4C31-9012-6B91B26B8CF5}.AppStore|x86.Build.0 = Release|Any CPU
		{ED4297DF-B5FB-4C31-9012-6B91B26B8CF5}.Debug|Any CPU.ActiveCfg = Debug|Any CPU
		{ED4297DF-B5FB-4C31-9012-6B91B26B8CF5}.Debug|Any CPU.Build.0 = Debug|Any CPU
		{ED4297DF-B5FB-4C31-9012-6B91B26B8CF5}.Debug|ARM.ActiveCfg = Debug|Any CPU
		{ED4297DF-B5FB-4C31-9012-6B91B26B8CF5}.Debug|ARM.Build.0 = Debug|Any CPU
		{ED4297DF-B5FB-4C31-9012-6B91B26B8CF5}.Debug|iPhone.ActiveCfg = Debug|Any CPU
		{ED4297DF-B5FB-4C31-9012-6B91B26B8CF5}.Debug|iPhone.Build.0 = Debug|Any CPU
		{ED4297DF-B5FB-4C31-9012-6B91B26B8CF5}.Debug|iPhoneSimulator.ActiveCfg = Debug|Any CPU
		{ED4297DF-B5FB-4C31-9012-6B91B26B8CF5}.Debug|iPhoneSimulator.Build.0 = Debug|Any CPU
		{ED4297DF-B5FB-4C31-9012-6B91B26B8CF5}.Debug|x64.ActiveCfg = Debug|Any CPU
		{ED4297DF-B5FB-4C31-9012-6B91B26B8CF5}.Debug|x64.Build.0 = Debug|Any CPU
		{ED4297DF-B5FB-4C31-9012-6B91B26B8CF5}.Debug|x86.ActiveCfg = Debug|Any CPU
		{ED4297DF-B5FB-4C31-9012-6B91B26B8CF5}.Debug|x86.Build.0 = Debug|Any CPU
		{ED4297DF-B5FB-4C31-9012-6B91B26B8CF5}.Release|Any CPU.ActiveCfg = Release|Any CPU
		{ED4297DF-B5FB-4C31-9012-6B91B26B8CF5}.Release|Any CPU.Build.0 = Release|Any CPU
		{ED4297DF-B5FB-4C31-9012-6B91B26B8CF5}.Release|ARM.ActiveCfg = Release|Any CPU
		{ED4297DF-B5FB-4C31-9012-6B91B26B8CF5}.Release|ARM.Build.0 = Release|Any CPU
		{ED4297DF-B5FB-4C31-9012-6B91B26B8CF5}.Release|iPhone.ActiveCfg = Release|Any CPU
		{ED4297DF-B5FB-4C31-9012-6B91B26B8CF5}.Release|iPhone.Build.0 = Release|Any CPU
		{ED4297DF-B5FB-4C31-9012-6B91B26B8CF5}.Release|iPhoneSimulator.ActiveCfg = Release|Any CPU
		{ED4297DF-B5FB-4C31-9012-6B91B26B8CF5}.Release|iPhoneSimulator.Build.0 = Release|Any CPU
		{ED4297DF-B5FB-4C31-9012-6B91B26B8CF5}.Release|x64.ActiveCfg = Release|Any CPU
		{ED4297DF-B5FB-4C31-9012-6B91B26B8CF5}.Release|x64.Build.0 = Release|Any CPU
		{ED4297DF-B5FB-4C31-9012-6B91B26B8CF5}.Release|x86.ActiveCfg = Release|Any CPU
		{ED4297DF-B5FB-4C31-9012-6B91B26B8CF5}.Release|x86.Build.0 = Release|Any CPU
		{6F7E6C5A-B19F-436B-925C-CEF0B5620772}.Ad-Hoc|Any CPU.ActiveCfg = Release|Any CPU
		{6F7E6C5A-B19F-436B-925C-CEF0B5620772}.Ad-Hoc|Any CPU.Build.0 = Release|Any CPU
		{6F7E6C5A-B19F-436B-925C-CEF0B5620772}.Ad-Hoc|ARM.ActiveCfg = Release|Any CPU
		{6F7E6C5A-B19F-436B-925C-CEF0B5620772}.Ad-Hoc|ARM.Build.0 = Release|Any CPU
		{6F7E6C5A-B19F-436B-925C-CEF0B5620772}.Ad-Hoc|iPhone.ActiveCfg = Release|Any CPU
		{6F7E6C5A-B19F-436B-925C-CEF0B5620772}.Ad-Hoc|iPhone.Build.0 = Release|Any CPU
		{6F7E6C5A-B19F-436B-925C-CEF0B5620772}.Ad-Hoc|iPhoneSimulator.ActiveCfg = Release|Any CPU
		{6F7E6C5A-B19F-436B-925C-CEF0B5620772}.Ad-Hoc|iPhoneSimulator.Build.0 = Release|Any CPU
		{6F7E6C5A-B19F-436B-925C-CEF0B5620772}.Ad-Hoc|x64.ActiveCfg = Release|Any CPU
		{6F7E6C5A-B19F-436B-925C-CEF0B5620772}.Ad-Hoc|x64.Build.0 = Release|Any CPU
		{6F7E6C5A-B19F-436B-925C-CEF0B5620772}.Ad-Hoc|x86.ActiveCfg = Release|Any CPU
		{6F7E6C5A-B19F-436B-925C-CEF0B5620772}.Ad-Hoc|x86.Build.0 = Release|Any CPU
		{6F7E6C5A-B19F-436B-925C-CEF0B5620772}.AppStore|Any CPU.ActiveCfg = Release|Any CPU
		{6F7E6C5A-B19F-436B-925C-CEF0B5620772}.AppStore|Any CPU.Build.0 = Release|Any CPU
		{6F7E6C5A-B19F-436B-925C-CEF0B5620772}.AppStore|ARM.ActiveCfg = Release|Any CPU
		{6F7E6C5A-B19F-436B-925C-CEF0B5620772}.AppStore|ARM.Build.0 = Release|Any CPU
		{6F7E6C5A-B19F-436B-925C-CEF0B5620772}.AppStore|iPhone.ActiveCfg = Release|Any CPU
		{6F7E6C5A-B19F-436B-925C-CEF0B5620772}.AppStore|iPhone.Build.0 = Release|Any CPU
		{6F7E6C5A-B19F-436B-925C-CEF0B5620772}.AppStore|iPhoneSimulator.ActiveCfg = Release|Any CPU
		{6F7E6C5A-B19F-436B-925C-CEF0B5620772}.AppStore|iPhoneSimulator.Build.0 = Release|Any CPU
		{6F7E6C5A-B19F-436B-925C-CEF0B5620772}.AppStore|x64.ActiveCfg = Release|Any CPU
		{6F7E6C5A-B19F-436B-925C-CEF0B5620772}.AppStore|x64.Build.0 = Release|Any CPU
		{6F7E6C5A-B19F-436B-925C-CEF0B5620772}.AppStore|x86.ActiveCfg = Release|Any CPU
		{6F7E6C5A-B19F-436B-925C-CEF0B5620772}.AppStore|x86.Build.0 = Release|Any CPU
		{6F7E6C5A-B19F-436B-925C-CEF0B5620772}.Debug|Any CPU.ActiveCfg = Debug|Any CPU
		{6F7E6C5A-B19F-436B-925C-CEF0B5620772}.Debug|Any CPU.Build.0 = Debug|Any CPU
		{6F7E6C5A-B19F-436B-925C-CEF0B5620772}.Debug|ARM.ActiveCfg = Debug|Any CPU
		{6F7E6C5A-B19F-436B-925C-CEF0B5620772}.Debug|ARM.Build.0 = Debug|Any CPU
		{6F7E6C5A-B19F-436B-925C-CEF0B5620772}.Debug|iPhone.ActiveCfg = Debug|Any CPU
		{6F7E6C5A-B19F-436B-925C-CEF0B5620772}.Debug|iPhone.Build.0 = Debug|Any CPU
		{6F7E6C5A-B19F-436B-925C-CEF0B5620772}.Debug|iPhoneSimulator.ActiveCfg = Debug|Any CPU
		{6F7E6C5A-B19F-436B-925C-CEF0B5620772}.Debug|iPhoneSimulator.Build.0 = Debug|Any CPU
		{6F7E6C5A-B19F-436B-925C-CEF0B5620772}.Debug|x64.ActiveCfg = Debug|Any CPU
		{6F7E6C5A-B19F-436B-925C-CEF0B5620772}.Debug|x64.Build.0 = Debug|Any CPU
		{6F7E6C5A-B19F-436B-925C-CEF0B5620772}.Debug|x86.ActiveCfg = Debug|Any CPU
		{6F7E6C5A-B19F-436B-925C-CEF0B5620772}.Debug|x86.Build.0 = Debug|Any CPU
		{6F7E6C5A-B19F-436B-925C-CEF0B5620772}.Release|Any CPU.ActiveCfg = Release|Any CPU
		{6F7E6C5A-B19F-436B-925C-CEF0B5620772}.Release|Any CPU.Build.0 = Release|Any CPU
		{6F7E6C5A-B19F-436B-925C-CEF0B5620772}.Release|ARM.ActiveCfg = Release|Any CPU
		{6F7E6C5A-B19F-436B-925C-CEF0B5620772}.Release|ARM.Build.0 = Release|Any CPU
		{6F7E6C5A-B19F-436B-925C-CEF0B5620772}.Release|iPhone.ActiveCfg = Release|Any CPU
		{6F7E6C5A-B19F-436B-925C-CEF0B5620772}.Release|iPhone.Build.0 = Release|Any CPU
		{6F7E6C5A-B19F-436B-925C-CEF0B5620772}.Release|iPhoneSimulator.ActiveCfg = Release|Any CPU
		{6F7E6C5A-B19F-436B-925C-CEF0B5620772}.Release|iPhoneSimulator.Build.0 = Release|Any CPU
		{6F7E6C5A-B19F-436B-925C-CEF0B5620772}.Release|x64.ActiveCfg = Release|Any CPU
		{6F7E6C5A-B19F-436B-925C-CEF0B5620772}.Release|x64.Build.0 = Release|Any CPU
		{6F7E6C5A-B19F-436B-925C-CEF0B5620772}.Release|x86.ActiveCfg = Release|Any CPU
		{6F7E6C5A-B19F-436B-925C-CEF0B5620772}.Release|x86.Build.0 = Release|Any CPU
		{3CB9FC8E-4E67-4247-83B7-42091D6E2A98}.Ad-Hoc|Any CPU.ActiveCfg = Release|Any CPU
		{3CB9FC8E-4E67-4247-83B7-42091D6E2A98}.Ad-Hoc|Any CPU.Build.0 = Release|Any CPU
		{3CB9FC8E-4E67-4247-83B7-42091D6E2A98}.Ad-Hoc|ARM.ActiveCfg = Release|Any CPU
		{3CB9FC8E-4E67-4247-83B7-42091D6E2A98}.Ad-Hoc|ARM.Build.0 = Release|Any CPU
		{3CB9FC8E-4E67-4247-83B7-42091D6E2A98}.Ad-Hoc|iPhone.ActiveCfg = Release|Any CPU
		{3CB9FC8E-4E67-4247-83B7-42091D6E2A98}.Ad-Hoc|iPhone.Build.0 = Release|Any CPU
		{3CB9FC8E-4E67-4247-83B7-42091D6E2A98}.Ad-Hoc|iPhoneSimulator.ActiveCfg = Release|Any CPU
		{3CB9FC8E-4E67-4247-83B7-42091D6E2A98}.Ad-Hoc|iPhoneSimulator.Build.0 = Release|Any CPU
		{3CB9FC8E-4E67-4247-83B7-42091D6E2A98}.Ad-Hoc|x64.ActiveCfg = Release|Any CPU
		{3CB9FC8E-4E67-4247-83B7-42091D6E2A98}.Ad-Hoc|x64.Build.0 = Release|Any CPU
		{3CB9FC8E-4E67-4247-83B7-42091D6E2A98}.Ad-Hoc|x86.ActiveCfg = Release|Any CPU
		{3CB9FC8E-4E67-4247-83B7-42091D6E2A98}.Ad-Hoc|x86.Build.0 = Release|Any CPU
		{3CB9FC8E-4E67-4247-83B7-42091D6E2A98}.AppStore|Any CPU.ActiveCfg = Release|Any CPU
		{3CB9FC8E-4E67-4247-83B7-42091D6E2A98}.AppStore|Any CPU.Build.0 = Release|Any CPU
		{3CB9FC8E-4E67-4247-83B7-42091D6E2A98}.AppStore|ARM.ActiveCfg = Release|Any CPU
		{3CB9FC8E-4E67-4247-83B7-42091D6E2A98}.AppStore|ARM.Build.0 = Release|Any CPU
		{3CB9FC8E-4E67-4247-83B7-42091D6E2A98}.AppStore|iPhone.ActiveCfg = Release|Any CPU
		{3CB9FC8E-4E67-4247-83B7-42091D6E2A98}.AppStore|iPhone.Build.0 = Release|Any CPU
		{3CB9FC8E-4E67-4247-83B7-42091D6E2A98}.AppStore|iPhoneSimulator.ActiveCfg = Release|Any CPU
		{3CB9FC8E-4E67-4247-83B7-42091D6E2A98}.AppStore|iPhoneSimulator.Build.0 = Release|Any CPU
		{3CB9FC8E-4E67-4247-83B7-42091D6E2A98}.AppStore|x64.ActiveCfg = Release|Any CPU
		{3CB9FC8E-4E67-4247-83B7-42091D6E2A98}.AppStore|x64.Build.0 = Release|Any CPU
		{3CB9FC8E-4E67-4247-83B7-42091D6E2A98}.AppStore|x86.ActiveCfg = Release|Any CPU
		{3CB9FC8E-4E67-4247-83B7-42091D6E2A98}.AppStore|x86.Build.0 = Release|Any CPU
		{3CB9FC8E-4E67-4247-83B7-42091D6E2A98}.Debug|Any CPU.ActiveCfg = Debug|Any CPU
		{3CB9FC8E-4E67-4247-83B7-42091D6E2A98}.Debug|Any CPU.Build.0 = Debug|Any CPU
		{3CB9FC8E-4E67-4247-83B7-42091D6E2A98}.Debug|ARM.ActiveCfg = Debug|Any CPU
		{3CB9FC8E-4E67-4247-83B7-42091D6E2A98}.Debug|ARM.Build.0 = Debug|Any CPU
		{3CB9FC8E-4E67-4247-83B7-42091D6E2A98}.Debug|iPhone.ActiveCfg = Debug|Any CPU
		{3CB9FC8E-4E67-4247-83B7-42091D6E2A98}.Debug|iPhone.Build.0 = Debug|Any CPU
		{3CB9FC8E-4E67-4247-83B7-42091D6E2A98}.Debug|iPhoneSimulator.ActiveCfg = Debug|Any CPU
		{3CB9FC8E-4E67-4247-83B7-42091D6E2A98}.Debug|iPhoneSimulator.Build.0 = Debug|Any CPU
		{3CB9FC8E-4E67-4247-83B7-42091D6E2A98}.Debug|x64.ActiveCfg = Debug|Any CPU
		{3CB9FC8E-4E67-4247-83B7-42091D6E2A98}.Debug|x64.Build.0 = Debug|Any CPU
		{3CB9FC8E-4E67-4247-83B7-42091D6E2A98}.Debug|x86.ActiveCfg = Debug|Any CPU
		{3CB9FC8E-4E67-4247-83B7-42091D6E2A98}.Debug|x86.Build.0 = Debug|Any CPU
		{3CB9FC8E-4E67-4247-83B7-42091D6E2A98}.Release|Any CPU.ActiveCfg = Release|Any CPU
		{3CB9FC8E-4E67-4247-83B7-42091D6E2A98}.Release|Any CPU.Build.0 = Release|Any CPU
		{3CB9FC8E-4E67-4247-83B7-42091D6E2A98}.Release|ARM.ActiveCfg = Release|Any CPU
		{3CB9FC8E-4E67-4247-83B7-42091D6E2A98}.Release|ARM.Build.0 = Release|Any CPU
		{3CB9FC8E-4E67-4247-83B7-42091D6E2A98}.Release|iPhone.ActiveCfg = Release|Any CPU
		{3CB9FC8E-4E67-4247-83B7-42091D6E2A98}.Release|iPhone.Build.0 = Release|Any CPU
		{3CB9FC8E-4E67-4247-83B7-42091D6E2A98}.Release|iPhoneSimulator.ActiveCfg = Release|Any CPU
		{3CB9FC8E-4E67-4247-83B7-42091D6E2A98}.Release|iPhoneSimulator.Build.0 = Release|Any CPU
		{3CB9FC8E-4E67-4247-83B7-42091D6E2A98}.Release|x64.ActiveCfg = Release|Any CPU
		{3CB9FC8E-4E67-4247-83B7-42091D6E2A98}.Release|x64.Build.0 = Release|Any CPU
		{3CB9FC8E-4E67-4247-83B7-42091D6E2A98}.Release|x86.ActiveCfg = Release|Any CPU
		{3CB9FC8E-4E67-4247-83B7-42091D6E2A98}.Release|x86.Build.0 = Release|Any CPU
		{50C91587-782C-4869-B549-0CF2E64A9889}.Ad-Hoc|Any CPU.ActiveCfg = Release|Any CPU
		{50C91587-782C-4869-B549-0CF2E64A9889}.Ad-Hoc|Any CPU.Build.0 = Release|Any CPU
		{50C91587-782C-4869-B549-0CF2E64A9889}.Ad-Hoc|ARM.ActiveCfg = Release|Any CPU
		{50C91587-782C-4869-B549-0CF2E64A9889}.Ad-Hoc|ARM.Build.0 = Release|Any CPU
		{50C91587-782C-4869-B549-0CF2E64A9889}.Ad-Hoc|iPhone.ActiveCfg = Release|Any CPU
		{50C91587-782C-4869-B549-0CF2E64A9889}.Ad-Hoc|iPhone.Build.0 = Release|Any CPU
		{50C91587-782C-4869-B549-0CF2E64A9889}.Ad-Hoc|iPhoneSimulator.ActiveCfg = Release|Any CPU
		{50C91587-782C-4869-B549-0CF2E64A9889}.Ad-Hoc|iPhoneSimulator.Build.0 = Release|Any CPU
		{50C91587-782C-4869-B549-0CF2E64A9889}.Ad-Hoc|x64.ActiveCfg = Release|Any CPU
		{50C91587-782C-4869-B549-0CF2E64A9889}.Ad-Hoc|x64.Build.0 = Release|Any CPU
		{50C91587-782C-4869-B549-0CF2E64A9889}.Ad-Hoc|x86.ActiveCfg = Release|Any CPU
		{50C91587-782C-4869-B549-0CF2E64A9889}.Ad-Hoc|x86.Build.0 = Release|Any CPU
		{50C91587-782C-4869-B549-0CF2E64A9889}.AppStore|Any CPU.ActiveCfg = Release|Any CPU
		{50C91587-782C-4869-B549-0CF2E64A9889}.AppStore|Any CPU.Build.0 = Release|Any CPU
		{50C91587-782C-4869-B549-0CF2E64A9889}.AppStore|ARM.ActiveCfg = Release|Any CPU
		{50C91587-782C-4869-B549-0CF2E64A9889}.AppStore|ARM.Build.0 = Release|Any CPU
		{50C91587-782C-4869-B549-0CF2E64A9889}.AppStore|iPhone.ActiveCfg = Release|Any CPU
		{50C91587-782C-4869-B549-0CF2E64A9889}.AppStore|iPhone.Build.0 = Release|Any CPU
		{50C91587-782C-4869-B549-0CF2E64A9889}.AppStore|iPhoneSimulator.ActiveCfg = Release|Any CPU
		{50C91587-782C-4869-B549-0CF2E64A9889}.AppStore|iPhoneSimulator.Build.0 = Release|Any CPU
		{50C91587-782C-4869-B549-0CF2E64A9889}.AppStore|x64.ActiveCfg = Release|Any CPU
		{50C91587-782C-4869-B549-0CF2E64A9889}.AppStore|x64.Build.0 = Release|Any CPU
		{50C91587-782C-4869-B549-0CF2E64A9889}.AppStore|x86.ActiveCfg = Release|Any CPU
		{50C91587-782C-4869-B549-0CF2E64A9889}.AppStore|x86.Build.0 = Release|Any CPU
		{50C91587-782C-4869-B549-0CF2E64A9889}.Debug|Any CPU.ActiveCfg = Debug|Any CPU
		{50C91587-782C-4869-B549-0CF2E64A9889}.Debug|Any CPU.Build.0 = Debug|Any CPU
		{50C91587-782C-4869-B549-0CF2E64A9889}.Debug|ARM.ActiveCfg = Debug|Any CPU
		{50C91587-782C-4869-B549-0CF2E64A9889}.Debug|ARM.Build.0 = Debug|Any CPU
		{50C91587-782C-4869-B549-0CF2E64A9889}.Debug|iPhone.ActiveCfg = Debug|Any CPU
		{50C91587-782C-4869-B549-0CF2E64A9889}.Debug|iPhone.Build.0 = Debug|Any CPU
		{50C91587-782C-4869-B549-0CF2E64A9889}.Debug|iPhoneSimulator.ActiveCfg = Debug|Any CPU
		{50C91587-782C-4869-B549-0CF2E64A9889}.Debug|iPhoneSimulator.Build.0 = Debug|Any CPU
		{50C91587-782C-4869-B549-0CF2E64A9889}.Debug|x64.ActiveCfg = Debug|Any CPU
		{50C91587-782C-4869-B549-0CF2E64A9889}.Debug|x64.Build.0 = Debug|Any CPU
		{50C91587-782C-4869-B549-0CF2E64A9889}.Debug|x86.ActiveCfg = Debug|Any CPU
		{50C91587-782C-4869-B549-0CF2E64A9889}.Debug|x86.Build.0 = Debug|Any CPU
		{50C91587-782C-4869-B549-0CF2E64A9889}.Release|Any CPU.ActiveCfg = Release|Any CPU
		{50C91587-782C-4869-B549-0CF2E64A9889}.Release|Any CPU.Build.0 = Release|Any CPU
		{50C91587-782C-4869-B549-0CF2E64A9889}.Release|ARM.ActiveCfg = Release|Any CPU
		{50C91587-782C-4869-B549-0CF2E64A9889}.Release|ARM.Build.0 = Release|Any CPU
		{50C91587-782C-4869-B549-0CF2E64A9889}.Release|iPhone.ActiveCfg = Release|Any CPU
		{50C91587-782C-4869-B549-0CF2E64A9889}.Release|iPhone.Build.0 = Release|Any CPU
		{50C91587-782C-4869-B549-0CF2E64A9889}.Release|iPhoneSimulator.ActiveCfg = Release|Any CPU
		{50C91587-782C-4869-B549-0CF2E64A9889}.Release|iPhoneSimulator.Build.0 = Release|Any CPU
		{50C91587-782C-4869-B549-0CF2E64A9889}.Release|x64.ActiveCfg = Release|Any CPU
		{50C91587-782C-4869-B549-0CF2E64A9889}.Release|x64.Build.0 = Release|Any CPU
		{50C91587-782C-4869-B549-0CF2E64A9889}.Release|x86.ActiveCfg = Release|Any CPU
		{50C91587-782C-4869-B549-0CF2E64A9889}.Release|x86.Build.0 = Release|Any CPU
		{11CE4222-3132-4F95-97FD-1F5DB3D4044A}.Ad-Hoc|Any CPU.ActiveCfg = Release|Any CPU
		{11CE4222-3132-4F95-97FD-1F5DB3D4044A}.Ad-Hoc|Any CPU.Build.0 = Release|Any CPU
		{11CE4222-3132-4F95-97FD-1F5DB3D4044A}.Ad-Hoc|ARM.ActiveCfg = Release|Any CPU
		{11CE4222-3132-4F95-97FD-1F5DB3D4044A}.Ad-Hoc|ARM.Build.0 = Release|Any CPU
		{11CE4222-3132-4F95-97FD-1F5DB3D4044A}.Ad-Hoc|iPhone.ActiveCfg = Release|Any CPU
		{11CE4222-3132-4F95-97FD-1F5DB3D4044A}.Ad-Hoc|iPhone.Build.0 = Release|Any CPU
		{11CE4222-3132-4F95-97FD-1F5DB3D4044A}.Ad-Hoc|iPhoneSimulator.ActiveCfg = Release|Any CPU
		{11CE4222-3132-4F95-97FD-1F5DB3D4044A}.Ad-Hoc|iPhoneSimulator.Build.0 = Release|Any CPU
		{11CE4222-3132-4F95-97FD-1F5DB3D4044A}.Ad-Hoc|x64.ActiveCfg = Release|Any CPU
		{11CE4222-3132-4F95-97FD-1F5DB3D4044A}.Ad-Hoc|x64.Build.0 = Release|Any CPU
		{11CE4222-3132-4F95-97FD-1F5DB3D4044A}.Ad-Hoc|x86.ActiveCfg = Release|Any CPU
		{11CE4222-3132-4F95-97FD-1F5DB3D4044A}.Ad-Hoc|x86.Build.0 = Release|Any CPU
		{11CE4222-3132-4F95-97FD-1F5DB3D4044A}.AppStore|Any CPU.ActiveCfg = Release|Any CPU
		{11CE4222-3132-4F95-97FD-1F5DB3D4044A}.AppStore|Any CPU.Build.0 = Release|Any CPU
		{11CE4222-3132-4F95-97FD-1F5DB3D4044A}.AppStore|ARM.ActiveCfg = Release|Any CPU
		{11CE4222-3132-4F95-97FD-1F5DB3D4044A}.AppStore|ARM.Build.0 = Release|Any CPU
		{11CE4222-3132-4F95-97FD-1F5DB3D4044A}.AppStore|iPhone.ActiveCfg = Release|Any CPU
		{11CE4222-3132-4F95-97FD-1F5DB3D4044A}.AppStore|iPhone.Build.0 = Release|Any CPU
		{11CE4222-3132-4F95-97FD-1F5DB3D4044A}.AppStore|iPhoneSimulator.ActiveCfg = Release|Any CPU
		{11CE4222-3132-4F95-97FD-1F5DB3D4044A}.AppStore|iPhoneSimulator.Build.0 = Release|Any CPU
		{11CE4222-3132-4F95-97FD-1F5DB3D4044A}.AppStore|x64.ActiveCfg = Release|Any CPU
		{11CE4222-3132-4F95-97FD-1F5DB3D4044A}.AppStore|x64.Build.0 = Release|Any CPU
		{11CE4222-3132-4F95-97FD-1F5DB3D4044A}.AppStore|x86.ActiveCfg = Release|Any CPU
		{11CE4222-3132-4F95-97FD-1F5DB3D4044A}.AppStore|x86.Build.0 = Release|Any CPU
		{11CE4222-3132-4F95-97FD-1F5DB3D4044A}.Debug|Any CPU.ActiveCfg = Debug|Any CPU
		{11CE4222-3132-4F95-97FD-1F5DB3D4044A}.Debug|Any CPU.Build.0 = Debug|Any CPU
		{11CE4222-3132-4F95-97FD-1F5DB3D4044A}.Debug|ARM.ActiveCfg = Debug|Any CPU
		{11CE4222-3132-4F95-97FD-1F5DB3D4044A}.Debug|ARM.Build.0 = Debug|Any CPU
		{11CE4222-3132-4F95-97FD-1F5DB3D4044A}.Debug|iPhone.ActiveCfg = Debug|Any CPU
		{11CE4222-3132-4F95-97FD-1F5DB3D4044A}.Debug|iPhone.Build.0 = Debug|Any CPU
		{11CE4222-3132-4F95-97FD-1F5DB3D4044A}.Debug|iPhoneSimulator.ActiveCfg = Debug|Any CPU
		{11CE4222-3132-4F95-97FD-1F5DB3D4044A}.Debug|iPhoneSimulator.Build.0 = Debug|Any CPU
		{11CE4222-3132-4F95-97FD-1F5DB3D4044A}.Debug|x64.ActiveCfg = Debug|Any CPU
		{11CE4222-3132-4F95-97FD-1F5DB3D4044A}.Debug|x64.Build.0 = Debug|Any CPU
		{11CE4222-3132-4F95-97FD-1F5DB3D4044A}.Debug|x86.ActiveCfg = Debug|Any CPU
		{11CE4222-3132-4F95-97FD-1F5DB3D4044A}.Debug|x86.Build.0 = Debug|Any CPU
		{11CE4222-3132-4F95-97FD-1F5DB3D4044A}.Release|Any CPU.ActiveCfg = Release|Any CPU
		{11CE4222-3132-4F95-97FD-1F5DB3D4044A}.Release|Any CPU.Build.0 = Release|Any CPU
		{11CE4222-3132-4F95-97FD-1F5DB3D4044A}.Release|ARM.ActiveCfg = Release|Any CPU
		{11CE4222-3132-4F95-97FD-1F5DB3D4044A}.Release|ARM.Build.0 = Release|Any CPU
		{11CE4222-3132-4F95-97FD-1F5DB3D4044A}.Release|iPhone.ActiveCfg = Release|Any CPU
		{11CE4222-3132-4F95-97FD-1F5DB3D4044A}.Release|iPhone.Build.0 = Release|Any CPU
		{11CE4222-3132-4F95-97FD-1F5DB3D4044A}.Release|iPhoneSimulator.ActiveCfg = Release|Any CPU
		{11CE4222-3132-4F95-97FD-1F5DB3D4044A}.Release|iPhoneSimulator.Build.0 = Release|Any CPU
		{11CE4222-3132-4F95-97FD-1F5DB3D4044A}.Release|x64.ActiveCfg = Release|Any CPU
		{11CE4222-3132-4F95-97FD-1F5DB3D4044A}.Release|x64.Build.0 = Release|Any CPU
		{11CE4222-3132-4F95-97FD-1F5DB3D4044A}.Release|x86.ActiveCfg = Release|Any CPU
		{11CE4222-3132-4F95-97FD-1F5DB3D4044A}.Release|x86.Build.0 = Release|Any CPU
		{E0ADC87B-1E11-4475-9706-2FF662A88BAA}.Ad-Hoc|Any CPU.ActiveCfg = Release|Any CPU
		{E0ADC87B-1E11-4475-9706-2FF662A88BAA}.Ad-Hoc|Any CPU.Build.0 = Release|Any CPU
		{E0ADC87B-1E11-4475-9706-2FF662A88BAA}.Ad-Hoc|ARM.ActiveCfg = Release|Any CPU
		{E0ADC87B-1E11-4475-9706-2FF662A88BAA}.Ad-Hoc|ARM.Build.0 = Release|Any CPU
		{E0ADC87B-1E11-4475-9706-2FF662A88BAA}.Ad-Hoc|iPhone.ActiveCfg = Release|Any CPU
		{E0ADC87B-1E11-4475-9706-2FF662A88BAA}.Ad-Hoc|iPhone.Build.0 = Release|Any CPU
		{E0ADC87B-1E11-4475-9706-2FF662A88BAA}.Ad-Hoc|iPhoneSimulator.ActiveCfg = Release|Any CPU
		{E0ADC87B-1E11-4475-9706-2FF662A88BAA}.Ad-Hoc|iPhoneSimulator.Build.0 = Release|Any CPU
		{E0ADC87B-1E11-4475-9706-2FF662A88BAA}.Ad-Hoc|x64.ActiveCfg = Release|Any CPU
		{E0ADC87B-1E11-4475-9706-2FF662A88BAA}.Ad-Hoc|x64.Build.0 = Release|Any CPU
		{E0ADC87B-1E11-4475-9706-2FF662A88BAA}.Ad-Hoc|x86.ActiveCfg = Release|Any CPU
		{E0ADC87B-1E11-4475-9706-2FF662A88BAA}.Ad-Hoc|x86.Build.0 = Release|Any CPU
		{E0ADC87B-1E11-4475-9706-2FF662A88BAA}.AppStore|Any CPU.ActiveCfg = Release|Any CPU
		{E0ADC87B-1E11-4475-9706-2FF662A88BAA}.AppStore|Any CPU.Build.0 = Release|Any CPU
		{E0ADC87B-1E11-4475-9706-2FF662A88BAA}.AppStore|ARM.ActiveCfg = Release|Any CPU
		{E0ADC87B-1E11-4475-9706-2FF662A88BAA}.AppStore|ARM.Build.0 = Release|Any CPU
		{E0ADC87B-1E11-4475-9706-2FF662A88BAA}.AppStore|iPhone.ActiveCfg = Release|Any CPU
		{E0ADC87B-1E11-4475-9706-2FF662A88BAA}.AppStore|iPhone.Build.0 = Release|Any CPU
		{E0ADC87B-1E11-4475-9706-2FF662A88BAA}.AppStore|iPhoneSimulator.ActiveCfg = Release|Any CPU
		{E0ADC87B-1E11-4475-9706-2FF662A88BAA}.AppStore|iPhoneSimulator.Build.0 = Release|Any CPU
		{E0ADC87B-1E11-4475-9706-2FF662A88BAA}.AppStore|x64.ActiveCfg = Release|Any CPU
		{E0ADC87B-1E11-4475-9706-2FF662A88BAA}.AppStore|x64.Build.0 = Release|Any CPU
		{E0ADC87B-1E11-4475-9706-2FF662A88BAA}.AppStore|x86.ActiveCfg = Release|Any CPU
		{E0ADC87B-1E11-4475-9706-2FF662A88BAA}.AppStore|x86.Build.0 = Release|Any CPU
		{E0ADC87B-1E11-4475-9706-2FF662A88BAA}.Debug|Any CPU.ActiveCfg = Debug|Any CPU
		{E0ADC87B-1E11-4475-9706-2FF662A88BAA}.Debug|Any CPU.Build.0 = Debug|Any CPU
		{E0ADC87B-1E11-4475-9706-2FF662A88BAA}.Debug|ARM.ActiveCfg = Debug|Any CPU
		{E0ADC87B-1E11-4475-9706-2FF662A88BAA}.Debug|ARM.Build.0 = Debug|Any CPU
		{E0ADC87B-1E11-4475-9706-2FF662A88BAA}.Debug|iPhone.ActiveCfg = Debug|Any CPU
		{E0ADC87B-1E11-4475-9706-2FF662A88BAA}.Debug|iPhone.Build.0 = Debug|Any CPU
		{E0ADC87B-1E11-4475-9706-2FF662A88BAA}.Debug|iPhoneSimulator.ActiveCfg = Debug|Any CPU
		{E0ADC87B-1E11-4475-9706-2FF662A88BAA}.Debug|iPhoneSimulator.Build.0 = Debug|Any CPU
		{E0ADC87B-1E11-4475-9706-2FF662A88BAA}.Debug|x64.ActiveCfg = Debug|Any CPU
		{E0ADC87B-1E11-4475-9706-2FF662A88BAA}.Debug|x64.Build.0 = Debug|Any CPU
		{E0ADC87B-1E11-4475-9706-2FF662A88BAA}.Debug|x86.ActiveCfg = Debug|Any CPU
		{E0ADC87B-1E11-4475-9706-2FF662A88BAA}.Debug|x86.Build.0 = Debug|Any CPU
		{E0ADC87B-1E11-4475-9706-2FF662A88BAA}.Release|Any CPU.ActiveCfg = Release|Any CPU
		{E0ADC87B-1E11-4475-9706-2FF662A88BAA}.Release|Any CPU.Build.0 = Release|Any CPU
		{E0ADC87B-1E11-4475-9706-2FF662A88BAA}.Release|ARM.ActiveCfg = Release|Any CPU
		{E0ADC87B-1E11-4475-9706-2FF662A88BAA}.Release|ARM.Build.0 = Release|Any CPU
		{E0ADC87B-1E11-4475-9706-2FF662A88BAA}.Release|iPhone.ActiveCfg = Release|Any CPU
		{E0ADC87B-1E11-4475-9706-2FF662A88BAA}.Release|iPhone.Build.0 = Release|Any CPU
		{E0ADC87B-1E11-4475-9706-2FF662A88BAA}.Release|iPhoneSimulator.ActiveCfg = Release|Any CPU
		{E0ADC87B-1E11-4475-9706-2FF662A88BAA}.Release|iPhoneSimulator.Build.0 = Release|Any CPU
		{E0ADC87B-1E11-4475-9706-2FF662A88BAA}.Release|x64.ActiveCfg = Release|Any CPU
		{E0ADC87B-1E11-4475-9706-2FF662A88BAA}.Release|x64.Build.0 = Release|Any CPU
		{E0ADC87B-1E11-4475-9706-2FF662A88BAA}.Release|x86.ActiveCfg = Release|Any CPU
		{E0ADC87B-1E11-4475-9706-2FF662A88BAA}.Release|x86.Build.0 = Release|Any CPU
	EndGlobalSection
	GlobalSection(SolutionProperties) = preSolution
		HideSolutionNode = FALSE
	EndGlobalSection
	GlobalSection(NestedProjects) = preSolution
		{67F9D3A8-F71E-4428-913F-C37AE82CDB24} = {2EFC0862-8103-434B-B291-ABA28199BB07}
		{F13C0978-1A46-4BA1-B606-6189D9D8FF97} = {D5EF2763-86CA-4621-9097-42C2C0114E8A}
		{E1F07161-ED48-4AC9-82B2-0063BD1D97B7} = {7E4DB7ED-FE88-4AE6-A4AD-BBC383C64E21}
		{691C3903-3A28-42D5-91CD-6862E8DEFB7F} = {9805FA58-37AD-4AF4-B66C-697322AB3C07}
		{560DDDE8-902B-4345-A129-377EB02EF57F} = {9805FA58-37AD-4AF4-B66C-697322AB3C07}
		{598E3125-2EAC-4032-BE1D-EA9C009696A8} = {9805FA58-37AD-4AF4-B66C-697322AB3C07}
		{6480CD24-D581-418F-AF67-FDB162454557} = {9805FA58-37AD-4AF4-B66C-697322AB3C07}
		{947EFE3F-A031-416F-B150-13956E11A3CC} = {9805FA58-37AD-4AF4-B66C-697322AB3C07}
		{3BEBF3C3-4F13-4718-BA9D-197B724FBAAF} = {E1F07161-ED48-4AC9-82B2-0063BD1D97B7}
		{221DC281-F585-4C50-A2FE-749EC004508A} = {E1F07161-ED48-4AC9-82B2-0063BD1D97B7}
		{272F8E2F-D94A-4607-8156-A6BD105869A9} = {E1F07161-ED48-4AC9-82B2-0063BD1D97B7}
		{DFAAE399-01D5-455A-B85C-16B6F30419A4} = {7E4DB7ED-FE88-4AE6-A4AD-BBC383C64E21}
		{73FFCD9E-4E52-41DE-93D4-76979E728C2C} = {F13C0978-1A46-4BA1-B606-6189D9D8FF97}
		{2BA64741-50FF-414C-B8FA-496EEBB77228} = {F13C0978-1A46-4BA1-B606-6189D9D8FF97}
		{EFA65FDF-ACB4-4F54-9903-598CE7362275} = {F13C0978-1A46-4BA1-B606-6189D9D8FF97}
		{62999427-44F5-443E-AE91-91C341ACF226} = {F13C0978-1A46-4BA1-B606-6189D9D8FF97}
		{ED4297DF-B5FB-4C31-9012-6B91B26B8CF5} = {F13C0978-1A46-4BA1-B606-6189D9D8FF97}
		{6F7E6C5A-B19F-436B-925C-CEF0B5620772} = {D5EF2763-86CA-4621-9097-42C2C0114E8A}
		{3CB9FC8E-4E67-4247-83B7-42091D6E2A98} = {EC97FE3A-A4D1-4FA6-8956-4E6D7C815A9B}
		{50C91587-782C-4869-B549-0CF2E64A9889} = {EC97FE3A-A4D1-4FA6-8956-4E6D7C815A9B}
		{11CE4222-3132-4F95-97FD-1F5DB3D4044A} = {EC97FE3A-A4D1-4FA6-8956-4E6D7C815A9B}
		{E0ADC87B-1E11-4475-9706-2FF662A88BAA} = {7E4DB7ED-FE88-4AE6-A4AD-BBC383C64E21}
	EndGlobalSection
EndGlobal
